
Microsoft Visual Studio Solution File, Format Version 12.00
# Visual Studio Version 16
VisualStudioVersion = 16.0.31005.135
MinimumVisualStudioVersion = 10.0.40219.1
Project("{FAE04EC0-301F-11D3-BF4B-00C04F79EFBC}") = "B3100_XxljobClient", "B3100_XxljobClient.csproj", "{9E6AE896-8A45-4239-BCD6-6944DAB968C9}"
EndProject
Global
	GlobalSection(SolutionConfigurationPlatforms) = preSolution
		Debug|Any CPU = Debug|Any CPU
		Release|Any CPU = Release|Any CPU
	EndGlobalSection
	GlobalSection(ProjectConfigurationPlatforms) = postSolution
		{9E6AE896-8A45-4239-BCD6-6944DAB968C9}.Debug|Any CPU.ActiveCfg = Debug|Any CPU
		{9E6AE896-8A45-4239-BCD6-6944DAB968C9}.Debug|Any CPU.Build.0 = Debug|Any CPU
		{9E6AE896-8A45-4239-BCD6-6944DAB968C9}.Release|Any CPU.ActiveCfg = Release|Any CPU
		{9E6AE896-8A45-4239-BCD6-6944DAB968C9}.Release|Any CPU.Build.0 = Release|Any CPU
	EndGlobalSection
	GlobalSection(SolutionProperties) = preSolution
		HideSolutionNode = FALSE
	EndGlobalSection
	GlobalSection(ExtensibilityGlobals) = postSolution
		SolutionGuid = {FC1DEA22-3D41-4125-B2B9-AB5C88E2288E}
	EndGlobalSection
EndGlobal
