
Microsoft Visual Studio Solution File, Format Version 12.00
# Visual Studio 11
Project("{FAE04EC0-301F-11D3-BF4B-00C04F79EFBC}") = "MyClient", "MyClient\MyClient.csproj", "{06602D03-7741-41F9-985C-97FF26A32252}"
EndProject
Global
	GlobalSection(SolutionConfigurationPlatforms) = preSolution
		Debug|Any CPU = Debug|Any CPU
		Release|Any CPU = Release|Any CPU
	EndGlobalSection
	GlobalSection(ProjectConfigurationPlatforms) = postSolution
		{06602D03-7741-41F9-985C-97FF26A32252}.Debug|Any CPU.ActiveCfg = Debug|Any CPU
		{06602D03-7741-41F9-985C-97FF26A32252}.Debug|Any CPU.Build.0 = Debug|Any CPU
		{06602D03-7741-41F9-985C-97FF26A32252}.Release|Any CPU.ActiveCfg = Release|Any CPU
		{06602D03-7741-41F9-985C-97FF26A32252}.Release|Any CPU.Build.0 = Release|Any CPU
	EndGlobalSection
	GlobalSection(SolutionProperties) = preSolution
		HideSolutionNode = FALSE
	EndGlobalSection
EndGlobal
