
Microsoft Visual Studio Solution File, Format Version 12.00
# Visual Studio Version 16
VisualStudioVersion = 16.0.29926.136
MinimumVisualStudioVersion = 10.0.40219.1
Project("{FAE04EC0-301F-11D3-BF4B-00C04F79EFBC}") = "A0151_Excel", "A0151_Excel\A0151_Excel.csproj", "{BC7772F5-58F0-4D93-9454-0E0BDD07FA73}"
EndProject
Global
	GlobalSection(SolutionConfigurationPlatforms) = preSolution
		Debug|Any CPU = Debug|Any CPU
		Release|Any CPU = Release|Any CPU
	EndGlobalSection
	GlobalSection(ProjectConfigurationPlatforms) = postSolution
		{BC7772F5-58F0-4D93-9454-0E0BDD07FA73}.Debug|Any CPU.ActiveCfg = Debug|Any CPU
		{BC7772F5-58F0-4D93-9454-0E0BDD07FA73}.Debug|Any CPU.Build.0 = Debug|Any CPU
		{BC7772F5-58F0-4D93-9454-0E0BDD07FA73}.Release|Any CPU.ActiveCfg = Release|Any CPU
		{BC7772F5-58F0-4D93-9454-0E0BDD07FA73}.Release|Any CPU.Build.0 = Release|Any CPU
	EndGlobalSection
	GlobalSection(SolutionProperties) = preSolution
		HideSolutionNode = FALSE
	EndGlobalSection
	GlobalSection(ExtensibilityGlobals) = postSolution
		SolutionGuid = {639C652F-E659-4EF0-A144-A590E2666033}
	EndGlobalSection
EndGlobal
