
Microsoft Visual Studio Solution File, Format Version 12.00
# Visual Studio 2013
VisualStudioVersion = 12.0.40629.0
MinimumVisualStudioVersion = 10.0.40219.1
Project("{FAE04EC0-301F-11D3-BF4B-00C04F79EFBC}") = "A0380_Task", "A0380_Task\A0380_Task.csproj", "{2E1E50C2-B62C-489A-9E21-2F2F7EA9012E}"
EndProject
Global
	GlobalSection(SolutionConfigurationPlatforms) = preSolution
		Debug|Any CPU = Debug|Any CPU
		Release|Any CPU = Release|Any CPU
	EndGlobalSection
	GlobalSection(ProjectConfigurationPlatforms) = postSolution
		{2E1E50C2-B62C-489A-9E21-2F2F7EA9012E}.Debug|Any CPU.ActiveCfg = Debug|Any CPU
		{2E1E50C2-B62C-489A-9E21-2F2F7EA9012E}.Debug|Any CPU.Build.0 = Debug|Any CPU
		{2E1E50C2-B62C-489A-9E21-2F2F7EA9012E}.Release|Any CPU.ActiveCfg = Release|Any CPU
		{2E1E50C2-B62C-489A-9E21-2F2F7EA9012E}.Release|Any CPU.Build.0 = Release|Any CPU
	EndGlobalSection
	GlobalSection(SolutionProperties) = preSolution
		HideSolutionNode = FALSE
	EndGlobalSection
EndGlobal
