
Microsoft Visual Studio Solution File, Format Version 12.00
# Visual Studio 2013
VisualStudioVersion = 12.0.31101.0
MinimumVisualStudioVersion = 10.0.40219.1
Project("{FAE04EC0-301F-11D3-BF4B-00C04F79EFBC}") = "B1100_AutoMapper", "B1100_AutoMapper\B1100_AutoMapper.csproj", "{A97DADB8-9443-4992-A201-3313FD16EB03}"
EndProject
Project("{FAE04EC0-301F-11D3-BF4B-00C04F79EFBC}") = "B1101_AutoMapper_BeforeAfter", "B1101_AutoMapper_BeforeAfter\B1101_AutoMapper_BeforeAfter.csproj", "{4AE480B6-9BC4-41EB-BE93-59317F5FA42C}"
EndProject
Project("{FAE04EC0-301F-11D3-BF4B-00C04F79EFBC}") = "B1102_AutoMapper_Initialize", "B1102_AutoMapper_Initialize\B1102_AutoMapper_Initialize.csproj", "{D13A4A3F-C982-468E-836F-6B584B394BDD}"
EndProject
Project("{FAE04EC0-301F-11D3-BF4B-00C04F79EFBC}") = "B1110_AutoMapper_EF", "B1110_AutoMapper_EF\B1110_AutoMapper_EF.csproj", "{54D41EC1-F167-49AA-8586-0DD76E0107D4}"
EndProject
Global
	GlobalSection(SolutionConfigurationPlatforms) = preSolution
		Debug|Any CPU = Debug|Any CPU
		Release|Any CPU = Release|Any CPU
	EndGlobalSection
	GlobalSection(ProjectConfigurationPlatforms) = postSolution
		{A97DADB8-9443-4992-A201-3313FD16EB03}.Debug|Any CPU.ActiveCfg = Debug|Any CPU
		{A97DADB8-9443-4992-A201-3313FD16EB03}.Debug|Any CPU.Build.0 = Debug|Any CPU
		{A97DADB8-9443-4992-A201-3313FD16EB03}.Release|Any CPU.ActiveCfg = Release|Any CPU
		{A97DADB8-9443-4992-A201-3313FD16EB03}.Release|Any CPU.Build.0 = Release|Any CPU
		{4AE480B6-9BC4-41EB-BE93-59317F5FA42C}.Debug|Any CPU.ActiveCfg = Debug|Any CPU
		{4AE480B6-9BC4-41EB-BE93-59317F5FA42C}.Debug|Any CPU.Build.0 = Debug|Any CPU
		{4AE480B6-9BC4-41EB-BE93-59317F5FA42C}.Release|Any CPU.ActiveCfg = Release|Any CPU
		{4AE480B6-9BC4-41EB-BE93-59317F5FA42C}.Release|Any CPU.Build.0 = Release|Any CPU
		{D13A4A3F-C982-468E-836F-6B584B394BDD}.Debug|Any CPU.ActiveCfg = Debug|Any CPU
		{D13A4A3F-C982-468E-836F-6B584B394BDD}.Debug|Any CPU.Build.0 = Debug|Any CPU
		{D13A4A3F-C982-468E-836F-6B584B394BDD}.Release|Any CPU.ActiveCfg = Release|Any CPU
		{D13A4A3F-C982-468E-836F-6B584B394BDD}.Release|Any CPU.Build.0 = Release|Any CPU
		{54D41EC1-F167-49AA-8586-0DD76E0107D4}.Debug|Any CPU.ActiveCfg = Debug|Any CPU
		{54D41EC1-F167-49AA-8586-0DD76E0107D4}.Debug|Any CPU.Build.0 = Debug|Any CPU
		{54D41EC1-F167-49AA-8586-0DD76E0107D4}.Release|Any CPU.ActiveCfg = Release|Any CPU
		{54D41EC1-F167-49AA-8586-0DD76E0107D4}.Release|Any CPU.Build.0 = Release|Any CPU
	EndGlobalSection
	GlobalSection(SolutionProperties) = preSolution
		HideSolutionNode = FALSE
	EndGlobalSection
EndGlobal
