
Microsoft Visual Studio Solution File, Format Version 12.00
# Visual Studio Version 16
VisualStudioVersion = 16.0.31005.135
MinimumVisualStudioVersion = 10.0.40219.1
Project("{FAE04EC0-301F-11D3-BF4B-00C04F79EFBC}") = "B1200_Redis", "B1200_Redis\B1200_Redis.csproj", "{C8DA291B-C23B-47B6-87D3-E2A397A41A2B}"
EndProject
Global
	GlobalSection(SolutionConfigurationPlatforms) = preSolution
		Debug|Any CPU = Debug|Any CPU
		Release|Any CPU = Release|Any CPU
	EndGlobalSection
	GlobalSection(ProjectConfigurationPlatforms) = postSolution
		{C8DA291B-C23B-47B6-87D3-E2A397A41A2B}.Debug|Any CPU.ActiveCfg = Debug|Any CPU
		{C8DA291B-C23B-47B6-87D3-E2A397A41A2B}.Debug|Any CPU.Build.0 = Debug|Any CPU
		{C8DA291B-C23B-47B6-87D3-E2A397A41A2B}.Release|Any CPU.ActiveCfg = Release|Any CPU
		{C8DA291B-C23B-47B6-87D3-E2A397A41A2B}.Release|Any CPU.Build.0 = Release|Any CPU
	EndGlobalSection
	GlobalSection(SolutionProperties) = preSolution
		HideSolutionNode = FALSE
	EndGlobalSection
	GlobalSection(ExtensibilityGlobals) = postSolution
		SolutionGuid = {6E1924ED-3602-42A8-BACD-8431BD3BB609}
	EndGlobalSection
EndGlobal
