
Microsoft Visual Studio Solution File, Format Version 12.00
# Visual Studio Version 17
VisualStudioVersion = 17.12.35527.113
MinimumVisualStudioVersion = 10.0.40219.1
Project("{FAE04EC0-301F-11D3-BF4B-00C04F79EFBC}") = "B2500_UIAutomation", "B2500_UIAutomation\B2500_UIAutomation.csproj", "{03019D0D-2C68-4B85-834A-97182F9B4C7D}"
EndProject
Project("{FAE04EC0-301F-11D3-BF4B-00C04F79EFBC}") = "B2501_WinApi", "B2501_WinApi\B2501_WinApi.csproj", "{1FE7676F-9146-43E9-9061-212A1EFE887B}"
EndProject
Global
	GlobalSection(SolutionConfigurationPlatforms) = preSolution
		Debug|Any CPU = Debug|Any CPU
		Release|Any CPU = Release|Any CPU
	EndGlobalSection
	GlobalSection(ProjectConfigurationPlatforms) = postSolution
		{03019D0D-2C68-4B85-834A-97182F9B4C7D}.Debug|Any CPU.ActiveCfg = Debug|Any CPU
		{03019D0D-2C68-4B85-834A-97182F9B4C7D}.Debug|Any CPU.Build.0 = Debug|Any CPU
		{03019D0D-2C68-4B85-834A-97182F9B4C7D}.Release|Any CPU.ActiveCfg = Release|Any CPU
		{03019D0D-2C68-4B85-834A-97182F9B4C7D}.Release|Any CPU.Build.0 = Release|Any CPU
		{1FE7676F-9146-43E9-9061-212A1EFE887B}.Debug|Any CPU.ActiveCfg = Debug|Any CPU
		{1FE7676F-9146-43E9-9061-212A1EFE887B}.Debug|Any CPU.Build.0 = Debug|Any CPU
		{1FE7676F-9146-43E9-9061-212A1EFE887B}.Release|Any CPU.ActiveCfg = Release|Any CPU
		{1FE7676F-9146-43E9-9061-212A1EFE887B}.Release|Any CPU.Build.0 = Release|Any CPU
	EndGlobalSection
	GlobalSection(SolutionProperties) = preSolution
		HideSolutionNode = FALSE
	EndGlobalSection
EndGlobal
