
Microsoft Visual Studio Solution File, Format Version 12.00
# Visual Studio Version 16
VisualStudioVersion = 16.0.31005.135
MinimumVisualStudioVersion = 10.0.40219.1
Project("{FAE04EC0-301F-11D3-BF4B-00C04F79EFBC}") = "B3000_NacosClient", "B3000_NacosClient\B3000_NacosClient.csproj", "{5DF9E86A-2347-4BFA-B9EB-C652C6E40ADF}"
EndProject
Global
	GlobalSection(SolutionConfigurationPlatforms) = preSolution
		Debug|Any CPU = Debug|Any CPU
		Release|Any CPU = Release|Any CPU
	EndGlobalSection
	GlobalSection(ProjectConfigurationPlatforms) = postSolution
		{5DF9E86A-2347-4BFA-B9EB-C652C6E40ADF}.Debug|Any CPU.ActiveCfg = Debug|Any CPU
		{5DF9E86A-2347-4BFA-B9EB-C652C6E40ADF}.Debug|Any CPU.Build.0 = Debug|Any CPU
		{5DF9E86A-2347-4BFA-B9EB-C652C6E40ADF}.Release|Any CPU.ActiveCfg = Release|Any CPU
		{5DF9E86A-2347-4BFA-B9EB-C652C6E40ADF}.Release|Any CPU.Build.0 = Release|Any CPU
	EndGlobalSection
	GlobalSection(SolutionProperties) = preSolution
		HideSolutionNode = FALSE
	EndGlobalSection
	GlobalSection(ExtensibilityGlobals) = postSolution
		SolutionGuid = {03509CC5-8D4E-4CB6-BA77-8BD065674835}
	EndGlobalSection
EndGlobal
