
Microsoft Visual Studio Solution File, Format Version 10.00
# Visual C# Express 2008
Project("{FAE04EC0-301F-11D3-BF4B-00C04F79EFBC}") = "A0000_BaseFunction", "A0000_BaseFunction\A0000_BaseFunction.csproj", "{A961DB94-5689-4516-B0A7-3F426B979ABF}"
EndProject
Project("{FAE04EC0-301F-11D3-BF4B-00C04F79EFBC}") = "A0010_OO", "A0010_OO\A0010_OO.csproj", "{E8403393-1BDA-4C88-A8CB-2D39133770E8}"
EndProject
Project("{FAE04EC0-301F-11D3-BF4B-00C04F79EFBC}") = "A0020_Function", "A0020_Function\A0020_Function.csproj", "{B8430906-6B26-48CD-9EE6-E0913BD61281}"
EndProject
Project("{FAE04EC0-301F-11D3-BF4B-00C04F79EFBC}") = "A0030_Event", "A0030_Event\A0030_Event.csproj", "{E17AEC8A-90E9-4503-8941-E38D50327D13}"
EndProject
Project("{FAE04EC0-301F-11D3-BF4B-00C04F79EFBC}") = "A0040_Indexer", "A0040_Indexer\A0040_Indexer.csproj", "{4882621F-3197-41A5-A0A6-988A6B5718B4}"
EndProject
Project("{FAE04EC0-301F-11D3-BF4B-00C04F79EFBC}") = "A0011_OO_Mul_Interface", "A0011_OO_Mul_Interface\A0011_OO_Mul_Interface.csproj", "{F52110E3-5E77-4B0B-9534-12C3B1E15FEC}"
EndProject
Project("{FAE04EC0-301F-11D3-BF4B-00C04F79EFBC}") = "A0050_TryCatchFinally", "A0050_TryCatchFinally\A0050_TryCatchFinally.csproj", "{2D35C3C7-6D0E-40C2-B157-0D9A5FE0B8A5}"
EndProject
Project("{FAE04EC0-301F-11D3-BF4B-00C04F79EFBC}") = "A0060_Enum", "A0060_Enum\A0060_Enum.csproj", "{9723FCDE-08BA-4D7E-BA95-F7454689DD59}"
EndProject
Project("{FAE04EC0-301F-11D3-BF4B-00C04F79EFBC}") = "A0070_CustomAttributes", "A0070_CustomAttributes\A0070_CustomAttributes.csproj", "{D0A72379-D87D-45D4-BF35-96EEBC716033}"
EndProject
Project("{FAE04EC0-301F-11D3-BF4B-00C04F79EFBC}") = "A0080_checked", "A0080_checked\A0080_checked.csproj", "{385648F1-DD0C-4731-92F9-F672F0710E6B}"
EndProject
Project("{FAE04EC0-301F-11D3-BF4B-00C04F79EFBC}") = "A0090_Resource", "A0090_Resource\A0090_Resource.csproj", "{C0ADEA4E-CF38-44AD-AD27-CCAAF3A3D294}"
EndProject
Project("{FAE04EC0-301F-11D3-BF4B-00C04F79EFBC}") = "A0031_delegate", "A0031_delegate\A0031_delegate.csproj", "{8A3A8556-A7FA-4062-BC23-AF4AB14CFE38}"
EndProject
Project("{FAE04EC0-301F-11D3-BF4B-00C04F79EFBC}") = "A0032_MulEvent", "A0032_MulEvent\A0032_MulEvent.csproj", "{6397351A-CB4E-4731-8A1A-180D9B69AB68}"
EndProject
Project("{FAE04EC0-301F-11D3-BF4B-00C04F79EFBC}") = "A0033_MulDelegate", "A0033_MulDelegate\A0033_MulDelegate.csproj", "{D3969950-FD14-44CD-BDF8-52AA64AE85B2}"
EndProject
Project("{FAE04EC0-301F-11D3-BF4B-00C04F79EFBC}") = "A0100_File", "A0100_File\A0100_File.csproj", "{E7856EDB-F29D-49CD-9627-9D5104276AE4}"
EndProject
Project("{FAE04EC0-301F-11D3-BF4B-00C04F79EFBC}") = "A0110_DateTime", "A0110_DateTime\A0110_DateTime.csproj", "{7B81C452-A0F6-4002-A215-FB3677FE95C9}"
EndProject
Project("{FAE04EC0-301F-11D3-BF4B-00C04F79EFBC}") = "A0120_Schedule", "A0120_Schedule\A0120_Schedule.csproj", "{554A9F76-015B-4B2A-B0AD-8B63B1E142CA}"
EndProject
Project("{FAE04EC0-301F-11D3-BF4B-00C04F79EFBC}") = "A0130_SocketServer", "A0130_SocketServer\A0130_SocketServer.csproj", "{68327A9D-11CD-44FC-B14A-C5AF54187870}"
EndProject
Project("{FAE04EC0-301F-11D3-BF4B-00C04F79EFBC}") = "A0140_SocketClient", "A0140_SocketClient\A0140_SocketClient.csproj", "{474BFF5F-8A99-45F7-9F75-DAB62F3F01A9}"
EndProject
Project("{FAE04EC0-301F-11D3-BF4B-00C04F79EFBC}") = "A0150_Access", "A0150_Access\A0150_Access.csproj", "{577D5600-091A-4925-AF05-DDBCF476FAAC}"
EndProject
Project("{FAE04EC0-301F-11D3-BF4B-00C04F79EFBC}") = "A0200_XML", "A0200_XML\A0200_XML.csproj", "{F173A805-C57E-4B99-B028-89FD2827736A}"
EndProject
Project("{FAE04EC0-301F-11D3-BF4B-00C04F79EFBC}") = "A0210_DataSetXML", "A0210_DataSetXML\A0210_DataSetXML.csproj", "{4F928041-A60B-4F41-9B1A-6CFFD48F9D67}"
EndProject
Project("{FAE04EC0-301F-11D3-BF4B-00C04F79EFBC}") = "A0300_Thread", "A0300_Thread\A0300_Thread.csproj", "{58CA5D82-C838-4623-A281-68B3CB340E89}"
EndProject
Project("{FAE04EC0-301F-11D3-BF4B-00C04F79EFBC}") = "A0301_ThreadAbort", "A0301_ThreadAbort\A0301_ThreadAbort.csproj", "{C5F87BB2-ECFC-4722-B3D4-D6083C51EECC}"
EndProject
Project("{FAE04EC0-301F-11D3-BF4B-00C04F79EFBC}") = "A0302_ThreadPriority", "A0302_ThreadPriority\A0302_ThreadPriority.csproj", "{481588AE-3A32-4BF5-AA8E-D423ECEFDFA3}"
EndProject
Project("{FAE04EC0-301F-11D3-BF4B-00C04F79EFBC}") = "A0303_ThreadSafe", "A0303_ThreadSafe\A0303_ThreadSafe.csproj", "{6FC53520-000D-4598-90DD-5D2261C7B21D}"
EndProject
Project("{FAE04EC0-301F-11D3-BF4B-00C04F79EFBC}") = "A0400_String", "A0400_String\A0400_String.csproj", "{5FCDB9C6-2A37-4FC5-9D1A-349D6201D24F}"
EndProject
Project("{FAE04EC0-301F-11D3-BF4B-00C04F79EFBC}") = "A0500_LINQ_Base1", "A0500_LINQ_Base1\A0500_LINQ_Base1.csproj", "{89803CE7-B3B5-45A8-892B-830639CCC16D}"
EndProject
Project("{FAE04EC0-301F-11D3-BF4B-00C04F79EFBC}") = "A0501_LINQ_Base2", "A0501_LINQ_Base2\A0501_LINQ_Base2.csproj", "{68B00728-D066-446B-99D9-695AF084E1A9}"
EndProject
Project("{FAE04EC0-301F-11D3-BF4B-00C04F79EFBC}") = "A0012_OO_AutoProp", "A0012_OO_AutoProp\A0012_OO_AutoProp.csproj", "{EEF6B332-FAE1-49C4-ABCE-A4CAEA3C1647}"
EndProject
Project("{FAE04EC0-301F-11D3-BF4B-00C04F79EFBC}") = "A0510_LINQ_XML", "A0510_LINQ_XML\A0510_LINQ_XML.csproj", "{3D9957F4-808F-4381-9240-E5343050B8B3}"
EndProject
Project("{FAE04EC0-301F-11D3-BF4B-00C04F79EFBC}") = "A0511_LINQ_XML_Query", "A0511_LINQ_XML_Query\A0511_LINQ_XML_Query.csproj", "{7AAFFC91-3408-4306-8EC0-3F5A3AB45ABE}"
EndProject
Project("{FAE04EC0-301F-11D3-BF4B-00C04F79EFBC}") = "A0520_LINQ_DataSet", "A0520_LINQ_DataSet\A0520_LINQ_DataSet.csproj", "{D17D81EF-C4EE-4157-BBB9-42260466D147}"
EndProject
Project("{FAE04EC0-301F-11D3-BF4B-00C04F79EFBC}") = "A0410_Globalization", "A0410_Globalization\A0410_Globalization.csproj", "{760B3557-F438-4897-B75D-A805561796A9}"
EndProject
Project("{FAE04EC0-301F-11D3-BF4B-00C04F79EFBC}") = "A0420_Log", "A0420_Log\A0420_Log.csproj", "{272A1B24-4C06-43D5-A445-381C1A8E9337}"
EndProject
Project("{FAE04EC0-301F-11D3-BF4B-00C04F79EFBC}") = "A0160_SQL_Server", "A0160_SQL_Server\A0160_SQL_Server.csproj", "{DD04E1D0-BD99-4322-B52E-55B189538759}"
EndProject
Project("{FAE04EC0-301F-11D3-BF4B-00C04F79EFBC}") = "A0170_Oracle", "A0170_Oracle\A0170_Oracle.csproj", "{F5AF0B64-397B-4AD2-9F7D-43E8938C86E0}"
EndProject
Project("{FAE04EC0-301F-11D3-BF4B-00C04F79EFBC}") = "A0005_Reflection", "A0005_Reflection\A0005_Reflection.csproj", "{850DE60F-2CC9-4A9A-876D-0C9D25AC0FAD}"
EndProject
Project("{FAE04EC0-301F-11D3-BF4B-00C04F79EFBC}") = "A0411_ChinesePinyin", "A0411_ChinesePinyin\A0411_ChinesePinyin.csproj", "{AEFBBDFB-4B9B-4A81-9CE7-8437116192A7}"
EndProject
Project("{FAE04EC0-301F-11D3-BF4B-00C04F79EFBC}") = "A0006_Reflection2", "A0006_Reflection2\A0006_Reflection2.csproj", "{0FD800BB-89A5-48AB-BE57-10FB92E1EE1D}"
EndProject
Project("{FAE04EC0-301F-11D3-BF4B-00C04F79EFBC}") = "A0530_LINQ_SQL", "A0530_LINQ_SQL\A0530_LINQ_SQL.csproj", "{371BC0CF-7039-48E4-8B09-9F09BECB10EC}"
EndProject
Project("{FAE04EC0-301F-11D3-BF4B-00C04F79EFBC}") = "A0540_LINQ_SQL", "A0540_LINQ_SQL\A0540_LINQ_SQL.csproj", "{92A29934-01DF-403F-901C-9087A1382029}"
EndProject
Project("{FAE04EC0-301F-11D3-BF4B-00C04F79EFBC}") = "A0600_EF", "A0600_EF\A0600_EF.csproj", "{FE48033E-1B49-49AF-B370-7B04F08EA28D}"
EndProject
Project("{FAE04EC0-301F-11D3-BF4B-00C04F79EFBC}") = "A0610_EF", "A0610_EF\A0610_EF.csproj", "{8179754F-A803-48E8-B15F-DE1F9C8EEF85}"
EndProject
Project("{FAE04EC0-301F-11D3-BF4B-00C04F79EFBC}") = "A0015_OverloadOperator", "A0015_OverloadOperator\A0015_OverloadOperator.csproj", "{31713D43-8C00-4365-A00F-5387C1CF7058}"
EndProject
Project("{FAE04EC0-301F-11D3-BF4B-00C04F79EFBC}") = "A0075_AOPAttributes", "A0075_AOPAttributes\A0075_AOPAttributes.csproj", "{EEF956BD-70B0-4CB0-A664-FB580A69629C}"
EndProject
Project("{FAE04EC0-301F-11D3-BF4B-00C04F79EFBC}") = "A0205_XmlSerializer", "A0205_XmlSerializer\A0205_XmlSerializer.csproj", "{5D100793-B2C6-496D-B45F-7747C87CD360}"
EndProject
Project("{FAE04EC0-301F-11D3-BF4B-00C04F79EFBC}") = "A0700_Main", "A0700_Main\A0700_Main.csproj", "{51A8637D-050D-4B06-A400-6134CD251BE8}"
EndProject
Project("{FAE04EC0-301F-11D3-BF4B-00C04F79EFBC}") = "A0701_AutoUpdate", "A0701_AutoUpdate\A0701_AutoUpdate.csproj", "{2852095F-8BC7-45C1-BC99-A1CD37BFB2C8}"
EndProject
Project("{FAE04EC0-301F-11D3-BF4B-00C04F79EFBC}") = "A0702_CommonFunc", "A0702_CommonFunc\A0702_CommonFunc.csproj", "{4C988834-9E78-4B20-80F1-DE209ED1A76D}"
EndProject
Project("{FAE04EC0-301F-11D3-BF4B-00C04F79EFBC}") = "A0710_Merge", "A0710_Merge\A0710_Merge.csproj", "{78239056-E38F-48FB-B728-F86D007EF5C1}"
EndProject
Project("{FAE04EC0-301F-11D3-BF4B-00C04F79EFBC}") = "A0711_Merge", "A0711_Merge\A0711_Merge.csproj", "{F7D415ED-DDDA-43E0-AF6B-965A3652165D}"
EndProject
Project("{FAE04EC0-301F-11D3-BF4B-00C04F79EFBC}") = "A0180_MySQL_ODBC", "A0180_MySQL_ODBC\A0180_MySQL_ODBC.csproj", "{6E5CCDD0-5F2E-452A-A508-FA1F36FBB9E7}"
EndProject
Project("{FAE04EC0-301F-11D3-BF4B-00C04F79EFBC}") = "A0151_Excel", "A0151_Excel\A0151_Excel.csproj", "{BC7772F5-58F0-4D93-9454-0E0BDD07FA73}"
EndProject
Project("{FAE04EC0-301F-11D3-BF4B-00C04F79EFBC}") = "A0185_MySQL_MySqlClient", "A0185_MySQL_MySqlClient\A0185_MySQL_MySqlClient.csproj", "{3FD5282E-57EE-4F8D-82FF-ED69FDAF2C4E}"
EndProject
Project("{FAE04EC0-301F-11D3-BF4B-00C04F79EFBC}") = "A0350_WinFormThread", "A0350_WinFormThread\A0350_WinFormThread.csproj", "{9C2C012B-DAEC-4A98-ABA3-BD1914EB6E5E}"
EndProject
Project("{FAE04EC0-301F-11D3-BF4B-00C04F79EFBC}") = "A0101_Serializable", "A0101_Serializable\A0101_Serializable.csproj", "{7EA773B6-DBF1-4717-BBD1-94B3E7DB757B}"
EndProject
Project("{FAE04EC0-301F-11D3-BF4B-00C04F79EFBC}") = "A0102_Path", "A0102_Path\A0102_Path.csproj", "{A19EBA42-2C89-414A-A36C-0092F76AECBE}"
EndProject
Global
	GlobalSection(SolutionConfigurationPlatforms) = preSolution
		Debug|Any CPU = Debug|Any CPU
		Debug|Mixed Platforms = Debug|Mixed Platforms
		Debug|x86 = Debug|x86
		Release|Any CPU = Release|Any CPU
		Release|Mixed Platforms = Release|Mixed Platforms
		Release|x86 = Release|x86
	EndGlobalSection
	GlobalSection(ProjectConfigurationPlatforms) = postSolution
		{A961DB94-5689-4516-B0A7-3F426B979ABF}.Debug|Any CPU.ActiveCfg = Debug|Any CPU
		{A961DB94-5689-4516-B0A7-3F426B979ABF}.Debug|Any CPU.Build.0 = Debug|Any CPU
		{A961DB94-5689-4516-B0A7-3F426B979ABF}.Debug|Mixed Platforms.ActiveCfg = Debug|Any CPU
		{A961DB94-5689-4516-B0A7-3F426B979ABF}.Debug|Mixed Platforms.Build.0 = Debug|Any CPU
		{A961DB94-5689-4516-B0A7-3F426B979ABF}.Debug|x86.ActiveCfg = Debug|Any CPU
		{A961DB94-5689-4516-B0A7-3F426B979ABF}.Release|Any CPU.ActiveCfg = Release|Any CPU
		{A961DB94-5689-4516-B0A7-3F426B979ABF}.Release|Any CPU.Build.0 = Release|Any CPU
		{A961DB94-5689-4516-B0A7-3F426B979ABF}.Release|Mixed Platforms.ActiveCfg = Release|Any CPU
		{A961DB94-5689-4516-B0A7-3F426B979ABF}.Release|Mixed Platforms.Build.0 = Release|Any CPU
		{A961DB94-5689-4516-B0A7-3F426B979ABF}.Release|x86.ActiveCfg = Release|Any CPU
		{E8403393-1BDA-4C88-A8CB-2D39133770E8}.Debug|Any CPU.ActiveCfg = Debug|Any CPU
		{E8403393-1BDA-4C88-A8CB-2D39133770E8}.Debug|Any CPU.Build.0 = Debug|Any CPU
		{E8403393-1BDA-4C88-A8CB-2D39133770E8}.Debug|Mixed Platforms.ActiveCfg = Debug|Any CPU
		{E8403393-1BDA-4C88-A8CB-2D39133770E8}.Debug|Mixed Platforms.Build.0 = Debug|Any CPU
		{E8403393-1BDA-4C88-A8CB-2D39133770E8}.Debug|x86.ActiveCfg = Debug|Any CPU
		{E8403393-1BDA-4C88-A8CB-2D39133770E8}.Release|Any CPU.ActiveCfg = Release|Any CPU
		{E8403393-1BDA-4C88-A8CB-2D39133770E8}.Release|Any CPU.Build.0 = Release|Any CPU
		{E8403393-1BDA-4C88-A8CB-2D39133770E8}.Release|Mixed Platforms.ActiveCfg = Release|Any CPU
		{E8403393-1BDA-4C88-A8CB-2D39133770E8}.Release|Mixed Platforms.Build.0 = Release|Any CPU
		{E8403393-1BDA-4C88-A8CB-2D39133770E8}.Release|x86.ActiveCfg = Release|Any CPU
		{B8430906-6B26-48CD-9EE6-E0913BD61281}.Debug|Any CPU.ActiveCfg = Debug|Any CPU
		{B8430906-6B26-48CD-9EE6-E0913BD61281}.Debug|Any CPU.Build.0 = Debug|Any CPU
		{B8430906-6B26-48CD-9EE6-E0913BD61281}.Debug|Mixed Platforms.ActiveCfg = Debug|Any CPU
		{B8430906-6B26-48CD-9EE6-E0913BD61281}.Debug|Mixed Platforms.Build.0 = Debug|Any CPU
		{B8430906-6B26-48CD-9EE6-E0913BD61281}.Debug|x86.ActiveCfg = Debug|Any CPU
		{B8430906-6B26-48CD-9EE6-E0913BD61281}.Release|Any CPU.ActiveCfg = Release|Any CPU
		{B8430906-6B26-48CD-9EE6-E0913BD61281}.Release|Any CPU.Build.0 = Release|Any CPU
		{B8430906-6B26-48CD-9EE6-E0913BD61281}.Release|Mixed Platforms.ActiveCfg = Release|Any CPU
		{B8430906-6B26-48CD-9EE6-E0913BD61281}.Release|Mixed Platforms.Build.0 = Release|Any CPU
		{B8430906-6B26-48CD-9EE6-E0913BD61281}.Release|x86.ActiveCfg = Release|Any CPU
		{E17AEC8A-90E9-4503-8941-E38D50327D13}.Debug|Any CPU.ActiveCfg = Debug|Any CPU
		{E17AEC8A-90E9-4503-8941-E38D50327D13}.Debug|Any CPU.Build.0 = Debug|Any CPU
		{E17AEC8A-90E9-4503-8941-E38D50327D13}.Debug|Mixed Platforms.ActiveCfg = Debug|Any CPU
		{E17AEC8A-90E9-4503-8941-E38D50327D13}.Debug|Mixed Platforms.Build.0 = Debug|Any CPU
		{E17AEC8A-90E9-4503-8941-E38D50327D13}.Debug|x86.ActiveCfg = Debug|Any CPU
		{E17AEC8A-90E9-4503-8941-E38D50327D13}.Release|Any CPU.ActiveCfg = Release|Any CPU
		{E17AEC8A-90E9-4503-8941-E38D50327D13}.Release|Any CPU.Build.0 = Release|Any CPU
		{E17AEC8A-90E9-4503-8941-E38D50327D13}.Release|Mixed Platforms.ActiveCfg = Release|Any CPU
		{E17AEC8A-90E9-4503-8941-E38D50327D13}.Release|Mixed Platforms.Build.0 = Release|Any CPU
		{E17AEC8A-90E9-4503-8941-E38D50327D13}.Release|x86.ActiveCfg = Release|Any CPU
		{4882621F-3197-41A5-A0A6-988A6B5718B4}.Debug|Any CPU.ActiveCfg = Debug|Any CPU
		{4882621F-3197-41A5-A0A6-988A6B5718B4}.Debug|Any CPU.Build.0 = Debug|Any CPU
		{4882621F-3197-41A5-A0A6-988A6B5718B4}.Debug|Mixed Platforms.ActiveCfg = Debug|Any CPU
		{4882621F-3197-41A5-A0A6-988A6B5718B4}.Debug|Mixed Platforms.Build.0 = Debug|Any CPU
		{4882621F-3197-41A5-A0A6-988A6B5718B4}.Debug|x86.ActiveCfg = Debug|Any CPU
		{4882621F-3197-41A5-A0A6-988A6B5718B4}.Release|Any CPU.ActiveCfg = Release|Any CPU
		{4882621F-3197-41A5-A0A6-988A6B5718B4}.Release|Any CPU.Build.0 = Release|Any CPU
		{4882621F-3197-41A5-A0A6-988A6B5718B4}.Release|Mixed Platforms.ActiveCfg = Release|Any CPU
		{4882621F-3197-41A5-A0A6-988A6B5718B4}.Release|Mixed Platforms.Build.0 = Release|Any CPU
		{4882621F-3197-41A5-A0A6-988A6B5718B4}.Release|x86.ActiveCfg = Release|Any CPU
		{F52110E3-5E77-4B0B-9534-12C3B1E15FEC}.Debug|Any CPU.ActiveCfg = Debug|Any CPU
		{F52110E3-5E77-4B0B-9534-12C3B1E15FEC}.Debug|Any CPU.Build.0 = Debug|Any CPU
		{F52110E3-5E77-4B0B-9534-12C3B1E15FEC}.Debug|Mixed Platforms.ActiveCfg = Debug|Any CPU
		{F52110E3-5E77-4B0B-9534-12C3B1E15FEC}.Debug|Mixed Platforms.Build.0 = Debug|Any CPU
		{F52110E3-5E77-4B0B-9534-12C3B1E15FEC}.Debug|x86.ActiveCfg = Debug|Any CPU
		{F52110E3-5E77-4B0B-9534-12C3B1E15FEC}.Release|Any CPU.ActiveCfg = Release|Any CPU
		{F52110E3-5E77-4B0B-9534-12C3B1E15FEC}.Release|Any CPU.Build.0 = Release|Any CPU
		{F52110E3-5E77-4B0B-9534-12C3B1E15FEC}.Release|Mixed Platforms.ActiveCfg = Release|Any CPU
		{F52110E3-5E77-4B0B-9534-12C3B1E15FEC}.Release|Mixed Platforms.Build.0 = Release|Any CPU
		{F52110E3-5E77-4B0B-9534-12C3B1E15FEC}.Release|x86.ActiveCfg = Release|Any CPU
		{2D35C3C7-6D0E-40C2-B157-0D9A5FE0B8A5}.Debug|Any CPU.ActiveCfg = Debug|Any CPU
		{2D35C3C7-6D0E-40C2-B157-0D9A5FE0B8A5}.Debug|Any CPU.Build.0 = Debug|Any CPU
		{2D35C3C7-6D0E-40C2-B157-0D9A5FE0B8A5}.Debug|Mixed Platforms.ActiveCfg = Debug|Any CPU
		{2D35C3C7-6D0E-40C2-B157-0D9A5FE0B8A5}.Debug|Mixed Platforms.Build.0 = Debug|Any CPU
		{2D35C3C7-6D0E-40C2-B157-0D9A5FE0B8A5}.Debug|x86.ActiveCfg = Debug|Any CPU
		{2D35C3C7-6D0E-40C2-B157-0D9A5FE0B8A5}.Release|Any CPU.ActiveCfg = Release|Any CPU
		{2D35C3C7-6D0E-40C2-B157-0D9A5FE0B8A5}.Release|Any CPU.Build.0 = Release|Any CPU
		{2D35C3C7-6D0E-40C2-B157-0D9A5FE0B8A5}.Release|Mixed Platforms.ActiveCfg = Release|Any CPU
		{2D35C3C7-6D0E-40C2-B157-0D9A5FE0B8A5}.Release|Mixed Platforms.Build.0 = Release|Any CPU
		{2D35C3C7-6D0E-40C2-B157-0D9A5FE0B8A5}.Release|x86.ActiveCfg = Release|Any CPU
		{9723FCDE-08BA-4D7E-BA95-F7454689DD59}.Debug|Any CPU.ActiveCfg = Debug|Any CPU
		{9723FCDE-08BA-4D7E-BA95-F7454689DD59}.Debug|Any CPU.Build.0 = Debug|Any CPU
		{9723FCDE-08BA-4D7E-BA95-F7454689DD59}.Debug|Mixed Platforms.ActiveCfg = Debug|Any CPU
		{9723FCDE-08BA-4D7E-BA95-F7454689DD59}.Debug|Mixed Platforms.Build.0 = Debug|Any CPU
		{9723FCDE-08BA-4D7E-BA95-F7454689DD59}.Debug|x86.ActiveCfg = Debug|Any CPU
		{9723FCDE-08BA-4D7E-BA95-F7454689DD59}.Release|Any CPU.ActiveCfg = Release|Any CPU
		{9723FCDE-08BA-4D7E-BA95-F7454689DD59}.Release|Any CPU.Build.0 = Release|Any CPU
		{9723FCDE-08BA-4D7E-BA95-F7454689DD59}.Release|Mixed Platforms.ActiveCfg = Release|Any CPU
		{9723FCDE-08BA-4D7E-BA95-F7454689DD59}.Release|Mixed Platforms.Build.0 = Release|Any CPU
		{9723FCDE-08BA-4D7E-BA95-F7454689DD59}.Release|x86.ActiveCfg = Release|Any CPU
		{D0A72379-D87D-45D4-BF35-96EEBC716033}.Debug|Any CPU.ActiveCfg = Debug|Any CPU
		{D0A72379-D87D-45D4-BF35-96EEBC716033}.Debug|Any CPU.Build.0 = Debug|Any CPU
		{D0A72379-D87D-45D4-BF35-96EEBC716033}.Debug|Mixed Platforms.ActiveCfg = Debug|Any CPU
		{D0A72379-D87D-45D4-BF35-96EEBC716033}.Debug|Mixed Platforms.Build.0 = Debug|Any CPU
		{D0A72379-D87D-45D4-BF35-96EEBC716033}.Debug|x86.ActiveCfg = Debug|Any CPU
		{D0A72379-D87D-45D4-BF35-96EEBC716033}.Release|Any CPU.ActiveCfg = Release|Any CPU
		{D0A72379-D87D-45D4-BF35-96EEBC716033}.Release|Any CPU.Build.0 = Release|Any CPU
		{D0A72379-D87D-45D4-BF35-96EEBC716033}.Release|Mixed Platforms.ActiveCfg = Release|Any CPU
		{D0A72379-D87D-45D4-BF35-96EEBC716033}.Release|Mixed Platforms.Build.0 = Release|Any CPU
		{D0A72379-D87D-45D4-BF35-96EEBC716033}.Release|x86.ActiveCfg = Release|Any CPU
		{385648F1-DD0C-4731-92F9-F672F0710E6B}.Debug|Any CPU.ActiveCfg = Debug|Any CPU
		{385648F1-DD0C-4731-92F9-F672F0710E6B}.Debug|Any CPU.Build.0 = Debug|Any CPU
		{385648F1-DD0C-4731-92F9-F672F0710E6B}.Debug|Mixed Platforms.ActiveCfg = Debug|Any CPU
		{385648F1-DD0C-4731-92F9-F672F0710E6B}.Debug|Mixed Platforms.Build.0 = Debug|Any CPU
		{385648F1-DD0C-4731-92F9-F672F0710E6B}.Debug|x86.ActiveCfg = Debug|Any CPU
		{385648F1-DD0C-4731-92F9-F672F0710E6B}.Release|Any CPU.ActiveCfg = Release|Any CPU
		{385648F1-DD0C-4731-92F9-F672F0710E6B}.Release|Any CPU.Build.0 = Release|Any CPU
		{385648F1-DD0C-4731-92F9-F672F0710E6B}.Release|Mixed Platforms.ActiveCfg = Release|Any CPU
		{385648F1-DD0C-4731-92F9-F672F0710E6B}.Release|Mixed Platforms.Build.0 = Release|Any CPU
		{385648F1-DD0C-4731-92F9-F672F0710E6B}.Release|x86.ActiveCfg = Release|Any CPU
		{C0ADEA4E-CF38-44AD-AD27-CCAAF3A3D294}.Debug|Any CPU.ActiveCfg = Debug|Any CPU
		{C0ADEA4E-CF38-44AD-AD27-CCAAF3A3D294}.Debug|Any CPU.Build.0 = Debug|Any CPU
		{C0ADEA4E-CF38-44AD-AD27-CCAAF3A3D294}.Debug|Mixed Platforms.ActiveCfg = Debug|Any CPU
		{C0ADEA4E-CF38-44AD-AD27-CCAAF3A3D294}.Debug|Mixed Platforms.Build.0 = Debug|Any CPU
		{C0ADEA4E-CF38-44AD-AD27-CCAAF3A3D294}.Debug|x86.ActiveCfg = Debug|Any CPU
		{C0ADEA4E-CF38-44AD-AD27-CCAAF3A3D294}.Release|Any CPU.ActiveCfg = Release|Any CPU
		{C0ADEA4E-CF38-44AD-AD27-CCAAF3A3D294}.Release|Any CPU.Build.0 = Release|Any CPU
		{C0ADEA4E-CF38-44AD-AD27-CCAAF3A3D294}.Release|Mixed Platforms.ActiveCfg = Release|Any CPU
		{C0ADEA4E-CF38-44AD-AD27-CCAAF3A3D294}.Release|Mixed Platforms.Build.0 = Release|Any CPU
		{C0ADEA4E-CF38-44AD-AD27-CCAAF3A3D294}.Release|x86.ActiveCfg = Release|Any CPU
		{8A3A8556-A7FA-4062-BC23-AF4AB14CFE38}.Debug|Any CPU.ActiveCfg = Debug|Any CPU
		{8A3A8556-A7FA-4062-BC23-AF4AB14CFE38}.Debug|Any CPU.Build.0 = Debug|Any CPU
		{8A3A8556-A7FA-4062-BC23-AF4AB14CFE38}.Debug|Mixed Platforms.ActiveCfg = Debug|Any CPU
		{8A3A8556-A7FA-4062-BC23-AF4AB14CFE38}.Debug|Mixed Platforms.Build.0 = Debug|Any CPU
		{8A3A8556-A7FA-4062-BC23-AF4AB14CFE38}.Debug|x86.ActiveCfg = Debug|Any CPU
		{8A3A8556-A7FA-4062-BC23-AF4AB14CFE38}.Release|Any CPU.ActiveCfg = Release|Any CPU
		{8A3A8556-A7FA-4062-BC23-AF4AB14CFE38}.Release|Any CPU.Build.0 = Release|Any CPU
		{8A3A8556-A7FA-4062-BC23-AF4AB14CFE38}.Release|Mixed Platforms.ActiveCfg = Release|Any CPU
		{8A3A8556-A7FA-4062-BC23-AF4AB14CFE38}.Release|Mixed Platforms.Build.0 = Release|Any CPU
		{8A3A8556-A7FA-4062-BC23-AF4AB14CFE38}.Release|x86.ActiveCfg = Release|Any CPU
		{6397351A-CB4E-4731-8A1A-180D9B69AB68}.Debug|Any CPU.ActiveCfg = Debug|Any CPU
		{6397351A-CB4E-4731-8A1A-180D9B69AB68}.Debug|Any CPU.Build.0 = Debug|Any CPU
		{6397351A-CB4E-4731-8A1A-180D9B69AB68}.Debug|Mixed Platforms.ActiveCfg = Debug|Any CPU
		{6397351A-CB4E-4731-8A1A-180D9B69AB68}.Debug|Mixed Platforms.Build.0 = Debug|Any CPU
		{6397351A-CB4E-4731-8A1A-180D9B69AB68}.Debug|x86.ActiveCfg = Debug|Any CPU
		{6397351A-CB4E-4731-8A1A-180D9B69AB68}.Release|Any CPU.ActiveCfg = Release|Any CPU
		{6397351A-CB4E-4731-8A1A-180D9B69AB68}.Release|Any CPU.Build.0 = Release|Any CPU
		{6397351A-CB4E-4731-8A1A-180D9B69AB68}.Release|Mixed Platforms.ActiveCfg = Release|Any CPU
		{6397351A-CB4E-4731-8A1A-180D9B69AB68}.Release|Mixed Platforms.Build.0 = Release|Any CPU
		{6397351A-CB4E-4731-8A1A-180D9B69AB68}.Release|x86.ActiveCfg = Release|Any CPU
		{D3969950-FD14-44CD-BDF8-52AA64AE85B2}.Debug|Any CPU.ActiveCfg = Debug|Any CPU
		{D3969950-FD14-44CD-BDF8-52AA64AE85B2}.Debug|Any CPU.Build.0 = Debug|Any CPU
		{D3969950-FD14-44CD-BDF8-52AA64AE85B2}.Debug|Mixed Platforms.ActiveCfg = Debug|Any CPU
		{D3969950-FD14-44CD-BDF8-52AA64AE85B2}.Debug|Mixed Platforms.Build.0 = Debug|Any CPU
		{D3969950-FD14-44CD-BDF8-52AA64AE85B2}.Debug|x86.ActiveCfg = Debug|Any CPU
		{D3969950-FD14-44CD-BDF8-52AA64AE85B2}.Release|Any CPU.ActiveCfg = Release|Any CPU
		{D3969950-FD14-44CD-BDF8-52AA64AE85B2}.Release|Any CPU.Build.0 = Release|Any CPU
		{D3969950-FD14-44CD-BDF8-52AA64AE85B2}.Release|Mixed Platforms.ActiveCfg = Release|Any CPU
		{D3969950-FD14-44CD-BDF8-52AA64AE85B2}.Release|Mixed Platforms.Build.0 = Release|Any CPU
		{D3969950-FD14-44CD-BDF8-52AA64AE85B2}.Release|x86.ActiveCfg = Release|Any CPU
		{E7856EDB-F29D-49CD-9627-9D5104276AE4}.Debug|Any CPU.ActiveCfg = Debug|Any CPU
		{E7856EDB-F29D-49CD-9627-9D5104276AE4}.Debug|Any CPU.Build.0 = Debug|Any CPU
		{E7856EDB-F29D-49CD-9627-9D5104276AE4}.Debug|Mixed Platforms.ActiveCfg = Debug|Any CPU
		{E7856EDB-F29D-49CD-9627-9D5104276AE4}.Debug|Mixed Platforms.Build.0 = Debug|Any CPU
		{E7856EDB-F29D-49CD-9627-9D5104276AE4}.Debug|x86.ActiveCfg = Debug|Any CPU
		{E7856EDB-F29D-49CD-9627-9D5104276AE4}.Release|Any CPU.ActiveCfg = Release|Any CPU
		{E7856EDB-F29D-49CD-9627-9D5104276AE4}.Release|Any CPU.Build.0 = Release|Any CPU
		{E7856EDB-F29D-49CD-9627-9D5104276AE4}.Release|Mixed Platforms.ActiveCfg = Release|Any CPU
		{E7856EDB-F29D-49CD-9627-9D5104276AE4}.Release|Mixed Platforms.Build.0 = Release|Any CPU
		{E7856EDB-F29D-49CD-9627-9D5104276AE4}.Release|x86.ActiveCfg = Release|Any CPU
		{7B81C452-A0F6-4002-A215-FB3677FE95C9}.Debug|Any CPU.ActiveCfg = Debug|Any CPU
		{7B81C452-A0F6-4002-A215-FB3677FE95C9}.Debug|Any CPU.Build.0 = Debug|Any CPU
		{7B81C452-A0F6-4002-A215-FB3677FE95C9}.Debug|Mixed Platforms.ActiveCfg = Debug|Any CPU
		{7B81C452-A0F6-4002-A215-FB3677FE95C9}.Debug|Mixed Platforms.Build.0 = Debug|Any CPU
		{7B81C452-A0F6-4002-A215-FB3677FE95C9}.Debug|x86.ActiveCfg = Debug|Any CPU
		{7B81C452-A0F6-4002-A215-FB3677FE95C9}.Release|Any CPU.ActiveCfg = Release|Any CPU
		{7B81C452-A0F6-4002-A215-FB3677FE95C9}.Release|Any CPU.Build.0 = Release|Any CPU
		{7B81C452-A0F6-4002-A215-FB3677FE95C9}.Release|Mixed Platforms.ActiveCfg = Release|Any CPU
		{7B81C452-A0F6-4002-A215-FB3677FE95C9}.Release|Mixed Platforms.Build.0 = Release|Any CPU
		{7B81C452-A0F6-4002-A215-FB3677FE95C9}.Release|x86.ActiveCfg = Release|Any CPU
		{554A9F76-015B-4B2A-B0AD-8B63B1E142CA}.Debug|Any CPU.ActiveCfg = Debug|Any CPU
		{554A9F76-015B-4B2A-B0AD-8B63B1E142CA}.Debug|Any CPU.Build.0 = Debug|Any CPU
		{554A9F76-015B-4B2A-B0AD-8B63B1E142CA}.Debug|Mixed Platforms.ActiveCfg = Debug|Any CPU
		{554A9F76-015B-4B2A-B0AD-8B63B1E142CA}.Debug|Mixed Platforms.Build.0 = Debug|Any CPU
		{554A9F76-015B-4B2A-B0AD-8B63B1E142CA}.Debug|x86.ActiveCfg = Debug|Any CPU
		{554A9F76-015B-4B2A-B0AD-8B63B1E142CA}.Release|Any CPU.ActiveCfg = Release|Any CPU
		{554A9F76-015B-4B2A-B0AD-8B63B1E142CA}.Release|Any CPU.Build.0 = Release|Any CPU
		{554A9F76-015B-4B2A-B0AD-8B63B1E142CA}.Release|Mixed Platforms.ActiveCfg = Release|Any CPU
		{554A9F76-015B-4B2A-B0AD-8B63B1E142CA}.Release|Mixed Platforms.Build.0 = Release|Any CPU
		{554A9F76-015B-4B2A-B0AD-8B63B1E142CA}.Release|x86.ActiveCfg = Release|Any CPU
		{68327A9D-11CD-44FC-B14A-C5AF54187870}.Debug|Any CPU.ActiveCfg = Debug|Any CPU
		{68327A9D-11CD-44FC-B14A-C5AF54187870}.Debug|Any CPU.Build.0 = Debug|Any CPU
		{68327A9D-11CD-44FC-B14A-C5AF54187870}.Debug|Mixed Platforms.ActiveCfg = Debug|Any CPU
		{68327A9D-11CD-44FC-B14A-C5AF54187870}.Debug|Mixed Platforms.Build.0 = Debug|Any CPU
		{68327A9D-11CD-44FC-B14A-C5AF54187870}.Debug|x86.ActiveCfg = Debug|Any CPU
		{68327A9D-11CD-44FC-B14A-C5AF54187870}.Release|Any CPU.ActiveCfg = Release|Any CPU
		{68327A9D-11CD-44FC-B14A-C5AF54187870}.Release|Any CPU.Build.0 = Release|Any CPU
		{68327A9D-11CD-44FC-B14A-C5AF54187870}.Release|Mixed Platforms.ActiveCfg = Release|Any CPU
		{68327A9D-11CD-44FC-B14A-C5AF54187870}.Release|Mixed Platforms.Build.0 = Release|Any CPU
		{68327A9D-11CD-44FC-B14A-C5AF54187870}.Release|x86.ActiveCfg = Release|Any CPU
		{474BFF5F-8A99-45F7-9F75-DAB62F3F01A9}.Debug|Any CPU.ActiveCfg = Debug|Any CPU
		{474BFF5F-8A99-45F7-9F75-DAB62F3F01A9}.Debug|Any CPU.Build.0 = Debug|Any CPU
		{474BFF5F-8A99-45F7-9F75-DAB62F3F01A9}.Debug|Mixed Platforms.ActiveCfg = Debug|Any CPU
		{474BFF5F-8A99-45F7-9F75-DAB62F3F01A9}.Debug|Mixed Platforms.Build.0 = Debug|Any CPU
		{474BFF5F-8A99-45F7-9F75-DAB62F3F01A9}.Debug|x86.ActiveCfg = Debug|Any CPU
		{474BFF5F-8A99-45F7-9F75-DAB62F3F01A9}.Release|Any CPU.ActiveCfg = Release|Any CPU
		{474BFF5F-8A99-45F7-9F75-DAB62F3F01A9}.Release|Any CPU.Build.0 = Release|Any CPU
		{474BFF5F-8A99-45F7-9F75-DAB62F3F01A9}.Release|Mixed Platforms.ActiveCfg = Release|Any CPU
		{474BFF5F-8A99-45F7-9F75-DAB62F3F01A9}.Release|Mixed Platforms.Build.0 = Release|Any CPU
		{474BFF5F-8A99-45F7-9F75-DAB62F3F01A9}.Release|x86.ActiveCfg = Release|Any CPU
		{577D5600-091A-4925-AF05-DDBCF476FAAC}.Debug|Any CPU.ActiveCfg = Debug|Any CPU
		{577D5600-091A-4925-AF05-DDBCF476FAAC}.Debug|Any CPU.Build.0 = Debug|Any CPU
		{577D5600-091A-4925-AF05-DDBCF476FAAC}.Debug|Mixed Platforms.ActiveCfg = Debug|Any CPU
		{577D5600-091A-4925-AF05-DDBCF476FAAC}.Debug|Mixed Platforms.Build.0 = Debug|Any CPU
		{577D5600-091A-4925-AF05-DDBCF476FAAC}.Debug|x86.ActiveCfg = Debug|Any CPU
		{577D5600-091A-4925-AF05-DDBCF476FAAC}.Release|Any CPU.ActiveCfg = Release|Any CPU
		{577D5600-091A-4925-AF05-DDBCF476FAAC}.Release|Any CPU.Build.0 = Release|Any CPU
		{577D5600-091A-4925-AF05-DDBCF476FAAC}.Release|Mixed Platforms.ActiveCfg = Release|Any CPU
		{577D5600-091A-4925-AF05-DDBCF476FAAC}.Release|Mixed Platforms.Build.0 = Release|Any CPU
		{577D5600-091A-4925-AF05-DDBCF476FAAC}.Release|x86.ActiveCfg = Release|Any CPU
		{F173A805-C57E-4B99-B028-89FD2827736A}.Debug|Any CPU.ActiveCfg = Debug|Any CPU
		{F173A805-C57E-4B99-B028-89FD2827736A}.Debug|Any CPU.Build.0 = Debug|Any CPU
		{F173A805-C57E-4B99-B028-89FD2827736A}.Debug|Mixed Platforms.ActiveCfg = Debug|Any CPU
		{F173A805-C57E-4B99-B028-89FD2827736A}.Debug|Mixed Platforms.Build.0 = Debug|Any CPU
		{F173A805-C57E-4B99-B028-89FD2827736A}.Debug|x86.ActiveCfg = Debug|Any CPU
		{F173A805-C57E-4B99-B028-89FD2827736A}.Release|Any CPU.ActiveCfg = Release|Any CPU
		{F173A805-C57E-4B99-B028-89FD2827736A}.Release|Any CPU.Build.0 = Release|Any CPU
		{F173A805-C57E-4B99-B028-89FD2827736A}.Release|Mixed Platforms.ActiveCfg = Release|Any CPU
		{F173A805-C57E-4B99-B028-89FD2827736A}.Release|Mixed Platforms.Build.0 = Release|Any CPU
		{F173A805-C57E-4B99-B028-89FD2827736A}.Release|x86.ActiveCfg = Release|Any CPU
		{4F928041-A60B-4F41-9B1A-6CFFD48F9D67}.Debug|Any CPU.ActiveCfg = Debug|Any CPU
		{4F928041-A60B-4F41-9B1A-6CFFD48F9D67}.Debug|Any CPU.Build.0 = Debug|Any CPU
		{4F928041-A60B-4F41-9B1A-6CFFD48F9D67}.Debug|Mixed Platforms.ActiveCfg = Debug|Any CPU
		{4F928041-A60B-4F41-9B1A-6CFFD48F9D67}.Debug|Mixed Platforms.Build.0 = Debug|Any CPU
		{4F928041-A60B-4F41-9B1A-6CFFD48F9D67}.Debug|x86.ActiveCfg = Debug|Any CPU
		{4F928041-A60B-4F41-9B1A-6CFFD48F9D67}.Release|Any CPU.ActiveCfg = Release|Any CPU
		{4F928041-A60B-4F41-9B1A-6CFFD48F9D67}.Release|Any CPU.Build.0 = Release|Any CPU
		{4F928041-A60B-4F41-9B1A-6CFFD48F9D67}.Release|Mixed Platforms.ActiveCfg = Release|Any CPU
		{4F928041-A60B-4F41-9B1A-6CFFD48F9D67}.Release|Mixed Platforms.Build.0 = Release|Any CPU
		{4F928041-A60B-4F41-9B1A-6CFFD48F9D67}.Release|x86.ActiveCfg = Release|Any CPU
		{58CA5D82-C838-4623-A281-68B3CB340E89}.Debug|Any CPU.ActiveCfg = Debug|Any CPU
		{58CA5D82-C838-4623-A281-68B3CB340E89}.Debug|Any CPU.Build.0 = Debug|Any CPU
		{58CA5D82-C838-4623-A281-68B3CB340E89}.Debug|Mixed Platforms.ActiveCfg = Debug|Any CPU
		{58CA5D82-C838-4623-A281-68B3CB340E89}.Debug|Mixed Platforms.Build.0 = Debug|Any CPU
		{58CA5D82-C838-4623-A281-68B3CB340E89}.Debug|x86.ActiveCfg = Debug|Any CPU
		{58CA5D82-C838-4623-A281-68B3CB340E89}.Release|Any CPU.ActiveCfg = Release|Any CPU
		{58CA5D82-C838-4623-A281-68B3CB340E89}.Release|Any CPU.Build.0 = Release|Any CPU
		{58CA5D82-C838-4623-A281-68B3CB340E89}.Release|Mixed Platforms.ActiveCfg = Release|Any CPU
		{58CA5D82-C838-4623-A281-68B3CB340E89}.Release|Mixed Platforms.Build.0 = Release|Any CPU
		{58CA5D82-C838-4623-A281-68B3CB340E89}.Release|x86.ActiveCfg = Release|Any CPU
		{C5F87BB2-ECFC-4722-B3D4-D6083C51EECC}.Debug|Any CPU.ActiveCfg = Debug|Any CPU
		{C5F87BB2-ECFC-4722-B3D4-D6083C51EECC}.Debug|Any CPU.Build.0 = Debug|Any CPU
		{C5F87BB2-ECFC-4722-B3D4-D6083C51EECC}.Debug|Mixed Platforms.ActiveCfg = Debug|Any CPU
		{C5F87BB2-ECFC-4722-B3D4-D6083C51EECC}.Debug|Mixed Platforms.Build.0 = Debug|Any CPU
		{C5F87BB2-ECFC-4722-B3D4-D6083C51EECC}.Debug|x86.ActiveCfg = Debug|Any CPU
		{C5F87BB2-ECFC-4722-B3D4-D6083C51EECC}.Release|Any CPU.ActiveCfg = Release|Any CPU
		{C5F87BB2-ECFC-4722-B3D4-D6083C51EECC}.Release|Any CPU.Build.0 = Release|Any CPU
		{C5F87BB2-ECFC-4722-B3D4-D6083C51EECC}.Release|Mixed Platforms.ActiveCfg = Release|Any CPU
		{C5F87BB2-ECFC-4722-B3D4-D6083C51EECC}.Release|Mixed Platforms.Build.0 = Release|Any CPU
		{C5F87BB2-ECFC-4722-B3D4-D6083C51EECC}.Release|x86.ActiveCfg = Release|Any CPU
		{481588AE-3A32-4BF5-AA8E-D423ECEFDFA3}.Debug|Any CPU.ActiveCfg = Debug|Any CPU
		{481588AE-3A32-4BF5-AA8E-D423ECEFDFA3}.Debug|Any CPU.Build.0 = Debug|Any CPU
		{481588AE-3A32-4BF5-AA8E-D423ECEFDFA3}.Debug|Mixed Platforms.ActiveCfg = Debug|Any CPU
		{481588AE-3A32-4BF5-AA8E-D423ECEFDFA3}.Debug|Mixed Platforms.Build.0 = Debug|Any CPU
		{481588AE-3A32-4BF5-AA8E-D423ECEFDFA3}.Debug|x86.ActiveCfg = Debug|Any CPU
		{481588AE-3A32-4BF5-AA8E-D423ECEFDFA3}.Release|Any CPU.ActiveCfg = Release|Any CPU
		{481588AE-3A32-4BF5-AA8E-D423ECEFDFA3}.Release|Any CPU.Build.0 = Release|Any CPU
		{481588AE-3A32-4BF5-AA8E-D423ECEFDFA3}.Release|Mixed Platforms.ActiveCfg = Release|Any CPU
		{481588AE-3A32-4BF5-AA8E-D423ECEFDFA3}.Release|Mixed Platforms.Build.0 = Release|Any CPU
		{481588AE-3A32-4BF5-AA8E-D423ECEFDFA3}.Release|x86.ActiveCfg = Release|Any CPU
		{6FC53520-000D-4598-90DD-5D2261C7B21D}.Debug|Any CPU.ActiveCfg = Debug|Any CPU
		{6FC53520-000D-4598-90DD-5D2261C7B21D}.Debug|Any CPU.Build.0 = Debug|Any CPU
		{6FC53520-000D-4598-90DD-5D2261C7B21D}.Debug|Mixed Platforms.ActiveCfg = Debug|Any CPU
		{6FC53520-000D-4598-90DD-5D2261C7B21D}.Debug|Mixed Platforms.Build.0 = Debug|Any CPU
		{6FC53520-000D-4598-90DD-5D2261C7B21D}.Debug|x86.ActiveCfg = Debug|Any CPU
		{6FC53520-000D-4598-90DD-5D2261C7B21D}.Release|Any CPU.ActiveCfg = Release|Any CPU
		{6FC53520-000D-4598-90DD-5D2261C7B21D}.Release|Any CPU.Build.0 = Release|Any CPU
		{6FC53520-000D-4598-90DD-5D2261C7B21D}.Release|Mixed Platforms.ActiveCfg = Release|Any CPU
		{6FC53520-000D-4598-90DD-5D2261C7B21D}.Release|Mixed Platforms.Build.0 = Release|Any CPU
		{6FC53520-000D-4598-90DD-5D2261C7B21D}.Release|x86.ActiveCfg = Release|Any CPU
		{5FCDB9C6-2A37-4FC5-9D1A-349D6201D24F}.Debug|Any CPU.ActiveCfg = Debug|Any CPU
		{5FCDB9C6-2A37-4FC5-9D1A-349D6201D24F}.Debug|Any CPU.Build.0 = Debug|Any CPU
		{5FCDB9C6-2A37-4FC5-9D1A-349D6201D24F}.Debug|Mixed Platforms.ActiveCfg = Debug|Any CPU
		{5FCDB9C6-2A37-4FC5-9D1A-349D6201D24F}.Debug|Mixed Platforms.Build.0 = Debug|Any CPU
		{5FCDB9C6-2A37-4FC5-9D1A-349D6201D24F}.Debug|x86.ActiveCfg = Debug|Any CPU
		{5FCDB9C6-2A37-4FC5-9D1A-349D6201D24F}.Release|Any CPU.ActiveCfg = Release|Any CPU
		{5FCDB9C6-2A37-4FC5-9D1A-349D6201D24F}.Release|Any CPU.Build.0 = Release|Any CPU
		{5FCDB9C6-2A37-4FC5-9D1A-349D6201D24F}.Release|Mixed Platforms.ActiveCfg = Release|Any CPU
		{5FCDB9C6-2A37-4FC5-9D1A-349D6201D24F}.Release|Mixed Platforms.Build.0 = Release|Any CPU
		{5FCDB9C6-2A37-4FC5-9D1A-349D6201D24F}.Release|x86.ActiveCfg = Release|Any CPU
		{89803CE7-B3B5-45A8-892B-830639CCC16D}.Debug|Any CPU.ActiveCfg = Debug|Any CPU
		{89803CE7-B3B5-45A8-892B-830639CCC16D}.Debug|Any CPU.Build.0 = Debug|Any CPU
		{89803CE7-B3B5-45A8-892B-830639CCC16D}.Debug|Mixed Platforms.ActiveCfg = Debug|Any CPU
		{89803CE7-B3B5-45A8-892B-830639CCC16D}.Debug|Mixed Platforms.Build.0 = Debug|Any CPU
		{89803CE7-B3B5-45A8-892B-830639CCC16D}.Debug|x86.ActiveCfg = Debug|Any CPU
		{89803CE7-B3B5-45A8-892B-830639CCC16D}.Release|Any CPU.ActiveCfg = Release|Any CPU
		{89803CE7-B3B5-45A8-892B-830639CCC16D}.Release|Any CPU.Build.0 = Release|Any CPU
		{89803CE7-B3B5-45A8-892B-830639CCC16D}.Release|Mixed Platforms.ActiveCfg = Release|Any CPU
		{89803CE7-B3B5-45A8-892B-830639CCC16D}.Release|Mixed Platforms.Build.0 = Release|Any CPU
		{89803CE7-B3B5-45A8-892B-830639CCC16D}.Release|x86.ActiveCfg = Release|Any CPU
		{68B00728-D066-446B-99D9-695AF084E1A9}.Debug|Any CPU.ActiveCfg = Debug|Any CPU
		{68B00728-D066-446B-99D9-695AF084E1A9}.Debug|Any CPU.Build.0 = Debug|Any CPU
		{68B00728-D066-446B-99D9-695AF084E1A9}.Debug|Mixed Platforms.ActiveCfg = Debug|Any CPU
		{68B00728-D066-446B-99D9-695AF084E1A9}.Debug|Mixed Platforms.Build.0 = Debug|Any CPU
		{68B00728-D066-446B-99D9-695AF084E1A9}.Debug|x86.ActiveCfg = Debug|Any CPU
		{68B00728-D066-446B-99D9-695AF084E1A9}.Release|Any CPU.ActiveCfg = Release|Any CPU
		{68B00728-D066-446B-99D9-695AF084E1A9}.Release|Any CPU.Build.0 = Release|Any CPU
		{68B00728-D066-446B-99D9-695AF084E1A9}.Release|Mixed Platforms.ActiveCfg = Release|Any CPU
		{68B00728-D066-446B-99D9-695AF084E1A9}.Release|Mixed Platforms.Build.0 = Release|Any CPU
		{68B00728-D066-446B-99D9-695AF084E1A9}.Release|x86.ActiveCfg = Release|Any CPU
		{EEF6B332-FAE1-49C4-ABCE-A4CAEA3C1647}.Debug|Any CPU.ActiveCfg = Debug|Any CPU
		{EEF6B332-FAE1-49C4-ABCE-A4CAEA3C1647}.Debug|Any CPU.Build.0 = Debug|Any CPU
		{EEF6B332-FAE1-49C4-ABCE-A4CAEA3C1647}.Debug|Mixed Platforms.ActiveCfg = Debug|Any CPU
		{EEF6B332-FAE1-49C4-ABCE-A4CAEA3C1647}.Debug|Mixed Platforms.Build.0 = Debug|Any CPU
		{EEF6B332-FAE1-49C4-ABCE-A4CAEA3C1647}.Debug|x86.ActiveCfg = Debug|Any CPU
		{EEF6B332-FAE1-49C4-ABCE-A4CAEA3C1647}.Release|Any CPU.ActiveCfg = Release|Any CPU
		{EEF6B332-FAE1-49C4-ABCE-A4CAEA3C1647}.Release|Any CPU.Build.0 = Release|Any CPU
		{EEF6B332-FAE1-49C4-ABCE-A4CAEA3C1647}.Release|Mixed Platforms.ActiveCfg = Release|Any CPU
		{EEF6B332-FAE1-49C4-ABCE-A4CAEA3C1647}.Release|Mixed Platforms.Build.0 = Release|Any CPU
		{EEF6B332-FAE1-49C4-ABCE-A4CAEA3C1647}.Release|x86.ActiveCfg = Release|Any CPU
		{3D9957F4-808F-4381-9240-E5343050B8B3}.Debug|Any CPU.ActiveCfg = Debug|Any CPU
		{3D9957F4-808F-4381-9240-E5343050B8B3}.Debug|Any CPU.Build.0 = Debug|Any CPU
		{3D9957F4-808F-4381-9240-E5343050B8B3}.Debug|Mixed Platforms.ActiveCfg = Debug|Any CPU
		{3D9957F4-808F-4381-9240-E5343050B8B3}.Debug|Mixed Platforms.Build.0 = Debug|Any CPU
		{3D9957F4-808F-4381-9240-E5343050B8B3}.Debug|x86.ActiveCfg = Debug|Any CPU
		{3D9957F4-808F-4381-9240-E5343050B8B3}.Release|Any CPU.ActiveCfg = Release|Any CPU
		{3D9957F4-808F-4381-9240-E5343050B8B3}.Release|Any CPU.Build.0 = Release|Any CPU
		{3D9957F4-808F-4381-9240-E5343050B8B3}.Release|Mixed Platforms.ActiveCfg = Release|Any CPU
		{3D9957F4-808F-4381-9240-E5343050B8B3}.Release|Mixed Platforms.Build.0 = Release|Any CPU
		{3D9957F4-808F-4381-9240-E5343050B8B3}.Release|x86.ActiveCfg = Release|Any CPU
		{7AAFFC91-3408-4306-8EC0-3F5A3AB45ABE}.Debug|Any CPU.ActiveCfg = Debug|Any CPU
		{7AAFFC91-3408-4306-8EC0-3F5A3AB45ABE}.Debug|Any CPU.Build.0 = Debug|Any CPU
		{7AAFFC91-3408-4306-8EC0-3F5A3AB45ABE}.Debug|Mixed Platforms.ActiveCfg = Debug|Any CPU
		{7AAFFC91-3408-4306-8EC0-3F5A3AB45ABE}.Debug|Mixed Platforms.Build.0 = Debug|Any CPU
		{7AAFFC91-3408-4306-8EC0-3F5A3AB45ABE}.Debug|x86.ActiveCfg = Debug|Any CPU
		{7AAFFC91-3408-4306-8EC0-3F5A3AB45ABE}.Release|Any CPU.ActiveCfg = Release|Any CPU
		{7AAFFC91-3408-4306-8EC0-3F5A3AB45ABE}.Release|Any CPU.Build.0 = Release|Any CPU
		{7AAFFC91-3408-4306-8EC0-3F5A3AB45ABE}.Release|Mixed Platforms.ActiveCfg = Release|Any CPU
		{7AAFFC91-3408-4306-8EC0-3F5A3AB45ABE}.Release|Mixed Platforms.Build.0 = Release|Any CPU
		{7AAFFC91-3408-4306-8EC0-3F5A3AB45ABE}.Release|x86.ActiveCfg = Release|Any CPU
		{D17D81EF-C4EE-4157-BBB9-42260466D147}.Debug|Any CPU.ActiveCfg = Debug|Any CPU
		{D17D81EF-C4EE-4157-BBB9-42260466D147}.Debug|Any CPU.Build.0 = Debug|Any CPU
		{D17D81EF-C4EE-4157-BBB9-42260466D147}.Debug|Mixed Platforms.ActiveCfg = Debug|Any CPU
		{D17D81EF-C4EE-4157-BBB9-42260466D147}.Debug|Mixed Platforms.Build.0 = Debug|Any CPU
		{D17D81EF-C4EE-4157-BBB9-42260466D147}.Debug|x86.ActiveCfg = Debug|Any CPU
		{D17D81EF-C4EE-4157-BBB9-42260466D147}.Release|Any CPU.ActiveCfg = Release|Any CPU
		{D17D81EF-C4EE-4157-BBB9-42260466D147}.Release|Any CPU.Build.0 = Release|Any CPU
		{D17D81EF-C4EE-4157-BBB9-42260466D147}.Release|Mixed Platforms.ActiveCfg = Release|Any CPU
		{D17D81EF-C4EE-4157-BBB9-42260466D147}.Release|Mixed Platforms.Build.0 = Release|Any CPU
		{D17D81EF-C4EE-4157-BBB9-42260466D147}.Release|x86.ActiveCfg = Release|Any CPU
		{760B3557-F438-4897-B75D-A805561796A9}.Debug|Any CPU.ActiveCfg = Debug|Any CPU
		{760B3557-F438-4897-B75D-A805561796A9}.Debug|Any CPU.Build.0 = Debug|Any CPU
		{760B3557-F438-4897-B75D-A805561796A9}.Debug|Mixed Platforms.ActiveCfg = Debug|Any CPU
		{760B3557-F438-4897-B75D-A805561796A9}.Debug|Mixed Platforms.Build.0 = Debug|Any CPU
		{760B3557-F438-4897-B75D-A805561796A9}.Debug|x86.ActiveCfg = Debug|Any CPU
		{760B3557-F438-4897-B75D-A805561796A9}.Release|Any CPU.ActiveCfg = Release|Any CPU
		{760B3557-F438-4897-B75D-A805561796A9}.Release|Any CPU.Build.0 = Release|Any CPU
		{760B3557-F438-4897-B75D-A805561796A9}.Release|Mixed Platforms.ActiveCfg = Release|Any CPU
		{760B3557-F438-4897-B75D-A805561796A9}.Release|Mixed Platforms.Build.0 = Release|Any CPU
		{760B3557-F438-4897-B75D-A805561796A9}.Release|x86.ActiveCfg = Release|Any CPU
		{272A1B24-4C06-43D5-A445-381C1A8E9337}.Debug|Any CPU.ActiveCfg = Debug|Any CPU
		{272A1B24-4C06-43D5-A445-381C1A8E9337}.Debug|Any CPU.Build.0 = Debug|Any CPU
		{272A1B24-4C06-43D5-A445-381C1A8E9337}.Debug|Mixed Platforms.ActiveCfg = Debug|Any CPU
		{272A1B24-4C06-43D5-A445-381C1A8E9337}.Debug|Mixed Platforms.Build.0 = Debug|Any CPU
		{272A1B24-4C06-43D5-A445-381C1A8E9337}.Debug|x86.ActiveCfg = Debug|Any CPU
		{272A1B24-4C06-43D5-A445-381C1A8E9337}.Release|Any CPU.ActiveCfg = Release|Any CPU
		{272A1B24-4C06-43D5-A445-381C1A8E9337}.Release|Any CPU.Build.0 = Release|Any CPU
		{272A1B24-4C06-43D5-A445-381C1A8E9337}.Release|Mixed Platforms.ActiveCfg = Release|Any CPU
		{272A1B24-4C06-43D5-A445-381C1A8E9337}.Release|Mixed Platforms.Build.0 = Release|Any CPU
		{272A1B24-4C06-43D5-A445-381C1A8E9337}.Release|x86.ActiveCfg = Release|Any CPU
		{DD04E1D0-BD99-4322-B52E-55B189538759}.Debug|Any CPU.ActiveCfg = Debug|Any CPU
		{DD04E1D0-BD99-4322-B52E-55B189538759}.Debug|Any CPU.Build.0 = Debug|Any CPU
		{DD04E1D0-BD99-4322-B52E-55B189538759}.Debug|Mixed Platforms.ActiveCfg = Debug|Any CPU
		{DD04E1D0-BD99-4322-B52E-55B189538759}.Debug|Mixed Platforms.Build.0 = Debug|Any CPU
		{DD04E1D0-BD99-4322-B52E-55B189538759}.Debug|x86.ActiveCfg = Debug|Any CPU
		{DD04E1D0-BD99-4322-B52E-55B189538759}.Release|Any CPU.ActiveCfg = Release|Any CPU
		{DD04E1D0-BD99-4322-B52E-55B189538759}.Release|Any CPU.Build.0 = Release|Any CPU
		{DD04E1D0-BD99-4322-B52E-55B189538759}.Release|Mixed Platforms.ActiveCfg = Release|Any CPU
		{DD04E1D0-BD99-4322-B52E-55B189538759}.Release|Mixed Platforms.Build.0 = Release|Any CPU
		{DD04E1D0-BD99-4322-B52E-55B189538759}.Release|x86.ActiveCfg = Release|Any CPU
		{F5AF0B64-397B-4AD2-9F7D-43E8938C86E0}.Debug|Any CPU.ActiveCfg = Debug|Any CPU
		{F5AF0B64-397B-4AD2-9F7D-43E8938C86E0}.Debug|Any CPU.Build.0 = Debug|Any CPU
		{F5AF0B64-397B-4AD2-9F7D-43E8938C86E0}.Debug|Mixed Platforms.ActiveCfg = Debug|Any CPU
		{F5AF0B64-397B-4AD2-9F7D-43E8938C86E0}.Debug|Mixed Platforms.Build.0 = Debug|Any CPU
		{F5AF0B64-397B-4AD2-9F7D-43E8938C86E0}.Debug|x86.ActiveCfg = Debug|Any CPU
		{F5AF0B64-397B-4AD2-9F7D-43E8938C86E0}.Release|Any CPU.ActiveCfg = Release|Any CPU
		{F5AF0B64-397B-4AD2-9F7D-43E8938C86E0}.Release|Any CPU.Build.0 = Release|Any CPU
		{F5AF0B64-397B-4AD2-9F7D-43E8938C86E0}.Release|Mixed Platforms.ActiveCfg = Release|Any CPU
		{F5AF0B64-397B-4AD2-9F7D-43E8938C86E0}.Release|Mixed Platforms.Build.0 = Release|Any CPU
		{F5AF0B64-397B-4AD2-9F7D-43E8938C86E0}.Release|x86.ActiveCfg = Release|Any CPU
		{850DE60F-2CC9-4A9A-876D-0C9D25AC0FAD}.Debug|Any CPU.ActiveCfg = Debug|Any CPU
		{850DE60F-2CC9-4A9A-876D-0C9D25AC0FAD}.Debug|Any CPU.Build.0 = Debug|Any CPU
		{850DE60F-2CC9-4A9A-876D-0C9D25AC0FAD}.Debug|Mixed Platforms.ActiveCfg = Debug|Any CPU
		{850DE60F-2CC9-4A9A-876D-0C9D25AC0FAD}.Debug|Mixed Platforms.Build.0 = Debug|Any CPU
		{850DE60F-2CC9-4A9A-876D-0C9D25AC0FAD}.Debug|x86.ActiveCfg = Debug|Any CPU
		{850DE60F-2CC9-4A9A-876D-0C9D25AC0FAD}.Release|Any CPU.ActiveCfg = Release|Any CPU
		{850DE60F-2CC9-4A9A-876D-0C9D25AC0FAD}.Release|Any CPU.Build.0 = Release|Any CPU
		{850DE60F-2CC9-4A9A-876D-0C9D25AC0FAD}.Release|Mixed Platforms.ActiveCfg = Release|Any CPU
		{850DE60F-2CC9-4A9A-876D-0C9D25AC0FAD}.Release|Mixed Platforms.Build.0 = Release|Any CPU
		{850DE60F-2CC9-4A9A-876D-0C9D25AC0FAD}.Release|x86.ActiveCfg = Release|Any CPU
		{AEFBBDFB-4B9B-4A81-9CE7-8437116192A7}.Debug|Any CPU.ActiveCfg = Debug|Any CPU
		{AEFBBDFB-4B9B-4A81-9CE7-8437116192A7}.Debug|Any CPU.Build.0 = Debug|Any CPU
		{AEFBBDFB-4B9B-4A81-9CE7-8437116192A7}.Debug|Mixed Platforms.ActiveCfg = Debug|Any CPU
		{AEFBBDFB-4B9B-4A81-9CE7-8437116192A7}.Debug|Mixed Platforms.Build.0 = Debug|Any CPU
		{AEFBBDFB-4B9B-4A81-9CE7-8437116192A7}.Debug|x86.ActiveCfg = Debug|Any CPU
		{AEFBBDFB-4B9B-4A81-9CE7-8437116192A7}.Release|Any CPU.ActiveCfg = Release|Any CPU
		{AEFBBDFB-4B9B-4A81-9CE7-8437116192A7}.Release|Any CPU.Build.0 = Release|Any CPU
		{AEFBBDFB-4B9B-4A81-9CE7-8437116192A7}.Release|Mixed Platforms.ActiveCfg = Release|Any CPU
		{AEFBBDFB-4B9B-4A81-9CE7-8437116192A7}.Release|Mixed Platforms.Build.0 = Release|Any CPU
		{AEFBBDFB-4B9B-4A81-9CE7-8437116192A7}.Release|x86.ActiveCfg = Release|Any CPU
		{0FD800BB-89A5-48AB-BE57-10FB92E1EE1D}.Debug|Any CPU.ActiveCfg = Debug|Any CPU
		{0FD800BB-89A5-48AB-BE57-10FB92E1EE1D}.Debug|Any CPU.Build.0 = Debug|Any CPU
		{0FD800BB-89A5-48AB-BE57-10FB92E1EE1D}.Debug|Mixed Platforms.ActiveCfg = Debug|Any CPU
		{0FD800BB-89A5-48AB-BE57-10FB92E1EE1D}.Debug|Mixed Platforms.Build.0 = Debug|Any CPU
		{0FD800BB-89A5-48AB-BE57-10FB92E1EE1D}.Debug|x86.ActiveCfg = Debug|Any CPU
		{0FD800BB-89A5-48AB-BE57-10FB92E1EE1D}.Release|Any CPU.ActiveCfg = Release|Any CPU
		{0FD800BB-89A5-48AB-BE57-10FB92E1EE1D}.Release|Any CPU.Build.0 = Release|Any CPU
		{0FD800BB-89A5-48AB-BE57-10FB92E1EE1D}.Release|Mixed Platforms.ActiveCfg = Release|Any CPU
		{0FD800BB-89A5-48AB-BE57-10FB92E1EE1D}.Release|Mixed Platforms.Build.0 = Release|Any CPU
		{0FD800BB-89A5-48AB-BE57-10FB92E1EE1D}.Release|x86.ActiveCfg = Release|Any CPU
		{371BC0CF-7039-48E4-8B09-9F09BECB10EC}.Debug|Any CPU.ActiveCfg = Debug|Any CPU
		{371BC0CF-7039-48E4-8B09-9F09BECB10EC}.Debug|Any CPU.Build.0 = Debug|Any CPU
		{371BC0CF-7039-48E4-8B09-9F09BECB10EC}.Debug|Mixed Platforms.ActiveCfg = Debug|Any CPU
		{371BC0CF-7039-48E4-8B09-9F09BECB10EC}.Debug|Mixed Platforms.Build.0 = Debug|Any CPU
		{371BC0CF-7039-48E4-8B09-9F09BECB10EC}.Debug|x86.ActiveCfg = Debug|Any CPU
		{371BC0CF-7039-48E4-8B09-9F09BECB10EC}.Release|Any CPU.ActiveCfg = Release|Any CPU
		{371BC0CF-7039-48E4-8B09-9F09BECB10EC}.Release|Any CPU.Build.0 = Release|Any CPU
		{371BC0CF-7039-48E4-8B09-9F09BECB10EC}.Release|Mixed Platforms.ActiveCfg = Release|Any CPU
		{371BC0CF-7039-48E4-8B09-9F09BECB10EC}.Release|Mixed Platforms.Build.0 = Release|Any CPU
		{371BC0CF-7039-48E4-8B09-9F09BECB10EC}.Release|x86.ActiveCfg = Release|Any CPU
		{92A29934-01DF-403F-901C-9087A1382029}.Debug|Any CPU.ActiveCfg = Debug|Any CPU
		{92A29934-01DF-403F-901C-9087A1382029}.Debug|Any CPU.Build.0 = Debug|Any CPU
		{92A29934-01DF-403F-901C-9087A1382029}.Debug|Mixed Platforms.ActiveCfg = Debug|Any CPU
		{92A29934-01DF-403F-901C-9087A1382029}.Debug|Mixed Platforms.Build.0 = Debug|Any CPU
		{92A29934-01DF-403F-901C-9087A1382029}.Debug|x86.ActiveCfg = Debug|Any CPU
		{92A29934-01DF-403F-901C-9087A1382029}.Release|Any CPU.ActiveCfg = Release|Any CPU
		{92A29934-01DF-403F-901C-9087A1382029}.Release|Any CPU.Build.0 = Release|Any CPU
		{92A29934-01DF-403F-901C-9087A1382029}.Release|Mixed Platforms.ActiveCfg = Release|Any CPU
		{92A29934-01DF-403F-901C-9087A1382029}.Release|Mixed Platforms.Build.0 = Release|Any CPU
		{92A29934-01DF-403F-901C-9087A1382029}.Release|x86.ActiveCfg = Release|Any CPU
		{FE48033E-1B49-49AF-B370-7B04F08EA28D}.Debug|Any CPU.ActiveCfg = Debug|Any CPU
		{FE48033E-1B49-49AF-B370-7B04F08EA28D}.Debug|Any CPU.Build.0 = Debug|Any CPU
		{FE48033E-1B49-49AF-B370-7B04F08EA28D}.Debug|Mixed Platforms.ActiveCfg = Debug|Any CPU
		{FE48033E-1B49-49AF-B370-7B04F08EA28D}.Debug|Mixed Platforms.Build.0 = Debug|Any CPU
		{FE48033E-1B49-49AF-B370-7B04F08EA28D}.Debug|x86.ActiveCfg = Debug|Any CPU
		{FE48033E-1B49-49AF-B370-7B04F08EA28D}.Release|Any CPU.ActiveCfg = Release|Any CPU
		{FE48033E-1B49-49AF-B370-7B04F08EA28D}.Release|Any CPU.Build.0 = Release|Any CPU
		{FE48033E-1B49-49AF-B370-7B04F08EA28D}.Release|Mixed Platforms.ActiveCfg = Release|Any CPU
		{FE48033E-1B49-49AF-B370-7B04F08EA28D}.Release|Mixed Platforms.Build.0 = Release|Any CPU
		{FE48033E-1B49-49AF-B370-7B04F08EA28D}.Release|x86.ActiveCfg = Release|Any CPU
		{8179754F-A803-48E8-B15F-DE1F9C8EEF85}.Debug|Any CPU.ActiveCfg = Debug|Any CPU
		{8179754F-A803-48E8-B15F-DE1F9C8EEF85}.Debug|Any CPU.Build.0 = Debug|Any CPU
		{8179754F-A803-48E8-B15F-DE1F9C8EEF85}.Debug|Mixed Platforms.ActiveCfg = Debug|Any CPU
		{8179754F-A803-48E8-B15F-DE1F9C8EEF85}.Debug|Mixed Platforms.Build.0 = Debug|Any CPU
		{8179754F-A803-48E8-B15F-DE1F9C8EEF85}.Debug|x86.ActiveCfg = Debug|Any CPU
		{8179754F-A803-48E8-B15F-DE1F9C8EEF85}.Release|Any CPU.ActiveCfg = Release|Any CPU
		{8179754F-A803-48E8-B15F-DE1F9C8EEF85}.Release|Any CPU.Build.0 = Release|Any CPU
		{8179754F-A803-48E8-B15F-DE1F9C8EEF85}.Release|Mixed Platforms.ActiveCfg = Release|Any CPU
		{8179754F-A803-48E8-B15F-DE1F9C8EEF85}.Release|Mixed Platforms.Build.0 = Release|Any CPU
		{8179754F-A803-48E8-B15F-DE1F9C8EEF85}.Release|x86.ActiveCfg = Release|Any CPU
		{31713D43-8C00-4365-A00F-5387C1CF7058}.Debug|Any CPU.ActiveCfg = Debug|Any CPU
		{31713D43-8C00-4365-A00F-5387C1CF7058}.Debug|Any CPU.Build.0 = Debug|Any CPU
		{31713D43-8C00-4365-A00F-5387C1CF7058}.Debug|Mixed Platforms.ActiveCfg = Debug|Any CPU
		{31713D43-8C00-4365-A00F-5387C1CF7058}.Debug|Mixed Platforms.Build.0 = Debug|Any CPU
		{31713D43-8C00-4365-A00F-5387C1CF7058}.Debug|x86.ActiveCfg = Debug|Any CPU
		{31713D43-8C00-4365-A00F-5387C1CF7058}.Release|Any CPU.ActiveCfg = Release|Any CPU
		{31713D43-8C00-4365-A00F-5387C1CF7058}.Release|Any CPU.Build.0 = Release|Any CPU
		{31713D43-8C00-4365-A00F-5387C1CF7058}.Release|Mixed Platforms.ActiveCfg = Release|Any CPU
		{31713D43-8C00-4365-A00F-5387C1CF7058}.Release|Mixed Platforms.Build.0 = Release|Any CPU
		{31713D43-8C00-4365-A00F-5387C1CF7058}.Release|x86.ActiveCfg = Release|Any CPU
		{EEF956BD-70B0-4CB0-A664-FB580A69629C}.Debug|Any CPU.ActiveCfg = Debug|x86
		{EEF956BD-70B0-4CB0-A664-FB580A69629C}.Debug|Mixed Platforms.ActiveCfg = Debug|x86
		{EEF956BD-70B0-4CB0-A664-FB580A69629C}.Debug|Mixed Platforms.Build.0 = Debug|x86
		{EEF956BD-70B0-4CB0-A664-FB580A69629C}.Debug|x86.ActiveCfg = Debug|x86
		{EEF956BD-70B0-4CB0-A664-FB580A69629C}.Debug|x86.Build.0 = Debug|x86
		{EEF956BD-70B0-4CB0-A664-FB580A69629C}.Release|Any CPU.ActiveCfg = Release|x86
		{EEF956BD-70B0-4CB0-A664-FB580A69629C}.Release|Mixed Platforms.ActiveCfg = Release|x86
		{EEF956BD-70B0-4CB0-A664-FB580A69629C}.Release|Mixed Platforms.Build.0 = Release|x86
		{EEF956BD-70B0-4CB0-A664-FB580A69629C}.Release|x86.ActiveCfg = Release|x86
		{EEF956BD-70B0-4CB0-A664-FB580A69629C}.Release|x86.Build.0 = Release|x86
		{5D100793-B2C6-496D-B45F-7747C87CD360}.Debug|Any CPU.ActiveCfg = Debug|x86
		{5D100793-B2C6-496D-B45F-7747C87CD360}.Debug|Mixed Platforms.ActiveCfg = Debug|x86
		{5D100793-B2C6-496D-B45F-7747C87CD360}.Debug|Mixed Platforms.Build.0 = Debug|x86
		{5D100793-B2C6-496D-B45F-7747C87CD360}.Debug|x86.ActiveCfg = Debug|x86
		{5D100793-B2C6-496D-B45F-7747C87CD360}.Debug|x86.Build.0 = Debug|x86
		{5D100793-B2C6-496D-B45F-7747C87CD360}.Release|Any CPU.ActiveCfg = Release|x86
		{5D100793-B2C6-496D-B45F-7747C87CD360}.Release|Mixed Platforms.ActiveCfg = Release|x86
		{5D100793-B2C6-496D-B45F-7747C87CD360}.Release|Mixed Platforms.Build.0 = Release|x86
		{5D100793-B2C6-496D-B45F-7747C87CD360}.Release|x86.ActiveCfg = Release|x86
		{5D100793-B2C6-496D-B45F-7747C87CD360}.Release|x86.Build.0 = Release|x86
		{51A8637D-050D-4B06-A400-6134CD251BE8}.Debug|Any CPU.ActiveCfg = Debug|Any CPU
		{51A8637D-050D-4B06-A400-6134CD251BE8}.Debug|Any CPU.Build.0 = Debug|Any CPU
		{51A8637D-050D-4B06-A400-6134CD251BE8}.Debug|Mixed Platforms.ActiveCfg = Debug|Any CPU
		{51A8637D-050D-4B06-A400-6134CD251BE8}.Debug|Mixed Platforms.Build.0 = Debug|Any CPU
		{51A8637D-050D-4B06-A400-6134CD251BE8}.Debug|x86.ActiveCfg = Debug|Any CPU
		{51A8637D-050D-4B06-A400-6134CD251BE8}.Release|Any CPU.ActiveCfg = Release|Any CPU
		{51A8637D-050D-4B06-A400-6134CD251BE8}.Release|Any CPU.Build.0 = Release|Any CPU
		{51A8637D-050D-4B06-A400-6134CD251BE8}.Release|Mixed Platforms.ActiveCfg = Release|Any CPU
		{51A8637D-050D-4B06-A400-6134CD251BE8}.Release|Mixed Platforms.Build.0 = Release|Any CPU
		{51A8637D-050D-4B06-A400-6134CD251BE8}.Release|x86.ActiveCfg = Release|Any CPU
		{2852095F-8BC7-45C1-BC99-A1CD37BFB2C8}.Debug|Any CPU.ActiveCfg = Debug|Any CPU
		{2852095F-8BC7-45C1-BC99-A1CD37BFB2C8}.Debug|Any CPU.Build.0 = Debug|Any CPU
		{2852095F-8BC7-45C1-BC99-A1CD37BFB2C8}.Debug|Mixed Platforms.ActiveCfg = Debug|Any CPU
		{2852095F-8BC7-45C1-BC99-A1CD37BFB2C8}.Debug|Mixed Platforms.Build.0 = Debug|Any CPU
		{2852095F-8BC7-45C1-BC99-A1CD37BFB2C8}.Debug|x86.ActiveCfg = Debug|Any CPU
		{2852095F-8BC7-45C1-BC99-A1CD37BFB2C8}.Release|Any CPU.ActiveCfg = Release|Any CPU
		{2852095F-8BC7-45C1-BC99-A1CD37BFB2C8}.Release|Any CPU.Build.0 = Release|Any CPU
		{2852095F-8BC7-45C1-BC99-A1CD37BFB2C8}.Release|Mixed Platforms.ActiveCfg = Release|Any CPU
		{2852095F-8BC7-45C1-BC99-A1CD37BFB2C8}.Release|Mixed Platforms.Build.0 = Release|Any CPU
		{2852095F-8BC7-45C1-BC99-A1CD37BFB2C8}.Release|x86.ActiveCfg = Release|Any CPU
		{4C988834-9E78-4B20-80F1-DE209ED1A76D}.Debug|Any CPU.ActiveCfg = Debug|Any CPU
		{4C988834-9E78-4B20-80F1-DE209ED1A76D}.Debug|Any CPU.Build.0 = Debug|Any CPU
		{4C988834-9E78-4B20-80F1-DE209ED1A76D}.Debug|Mixed Platforms.ActiveCfg = Debug|Any CPU
		{4C988834-9E78-4B20-80F1-DE209ED1A76D}.Debug|Mixed Platforms.Build.0 = Debug|Any CPU
		{4C988834-9E78-4B20-80F1-DE209ED1A76D}.Debug|x86.ActiveCfg = Debug|Any CPU
		{4C988834-9E78-4B20-80F1-DE209ED1A76D}.Release|Any CPU.ActiveCfg = Release|Any CPU
		{4C988834-9E78-4B20-80F1-DE209ED1A76D}.Release|Any CPU.Build.0 = Release|Any CPU
		{4C988834-9E78-4B20-80F1-DE209ED1A76D}.Release|Mixed Platforms.ActiveCfg = Release|Any CPU
		{4C988834-9E78-4B20-80F1-DE209ED1A76D}.Release|Mixed Platforms.Build.0 = Release|Any CPU
		{4C988834-9E78-4B20-80F1-DE209ED1A76D}.Release|x86.ActiveCfg = Release|Any CPU
		{78239056-E38F-48FB-B728-F86D007EF5C1}.Debug|Any CPU.ActiveCfg = Debug|Any CPU
		{78239056-E38F-48FB-B728-F86D007EF5C1}.Debug|Any CPU.Build.0 = Debug|Any CPU
		{78239056-E38F-48FB-B728-F86D007EF5C1}.Debug|Mixed Platforms.ActiveCfg = Debug|Any CPU
		{78239056-E38F-48FB-B728-F86D007EF5C1}.Debug|Mixed Platforms.Build.0 = Debug|Any CPU
		{78239056-E38F-48FB-B728-F86D007EF5C1}.Debug|x86.ActiveCfg = Debug|Any CPU
		{78239056-E38F-48FB-B728-F86D007EF5C1}.Release|Any CPU.ActiveCfg = Release|Any CPU
		{78239056-E38F-48FB-B728-F86D007EF5C1}.Release|Any CPU.Build.0 = Release|Any CPU
		{78239056-E38F-48FB-B728-F86D007EF5C1}.Release|Mixed Platforms.ActiveCfg = Release|Any CPU
		{78239056-E38F-48FB-B728-F86D007EF5C1}.Release|Mixed Platforms.Build.0 = Release|Any CPU
		{78239056-E38F-48FB-B728-F86D007EF5C1}.Release|x86.ActiveCfg = Release|Any CPU
		{F7D415ED-DDDA-43E0-AF6B-965A3652165D}.Debug|Any CPU.ActiveCfg = Debug|x86
		{F7D415ED-DDDA-43E0-AF6B-965A3652165D}.Debug|Mixed Platforms.ActiveCfg = Debug|x86
		{F7D415ED-DDDA-43E0-AF6B-965A3652165D}.Debug|Mixed Platforms.Build.0 = Debug|x86
		{F7D415ED-DDDA-43E0-AF6B-965A3652165D}.Debug|x86.ActiveCfg = Debug|x86
		{F7D415ED-DDDA-43E0-AF6B-965A3652165D}.Debug|x86.Build.0 = Debug|x86
		{F7D415ED-DDDA-43E0-AF6B-965A3652165D}.Release|Any CPU.ActiveCfg = Release|x86
		{F7D415ED-DDDA-43E0-AF6B-965A3652165D}.Release|Mixed Platforms.ActiveCfg = Release|x86
		{F7D415ED-DDDA-43E0-AF6B-965A3652165D}.Release|Mixed Platforms.Build.0 = Release|x86
		{F7D415ED-DDDA-43E0-AF6B-965A3652165D}.Release|x86.ActiveCfg = Release|x86
		{F7D415ED-DDDA-43E0-AF6B-965A3652165D}.Release|x86.Build.0 = Release|x86
		{6E5CCDD0-5F2E-452A-A508-FA1F36FBB9E7}.Debug|Any CPU.ActiveCfg = Debug|Any CPU
		{6E5CCDD0-5F2E-452A-A508-FA1F36FBB9E7}.Debug|Any CPU.Build.0 = Debug|Any CPU
		{6E5CCDD0-5F2E-452A-A508-FA1F36FBB9E7}.Debug|Mixed Platforms.ActiveCfg = Debug|Any CPU
		{6E5CCDD0-5F2E-452A-A508-FA1F36FBB9E7}.Debug|Mixed Platforms.Build.0 = Debug|Any CPU
		{6E5CCDD0-5F2E-452A-A508-FA1F36FBB9E7}.Debug|x86.ActiveCfg = Debug|Any CPU
		{6E5CCDD0-5F2E-452A-A508-FA1F36FBB9E7}.Release|Any CPU.ActiveCfg = Release|Any CPU
		{6E5CCDD0-5F2E-452A-A508-FA1F36FBB9E7}.Release|Any CPU.Build.0 = Release|Any CPU
		{6E5CCDD0-5F2E-452A-A508-FA1F36FBB9E7}.Release|Mixed Platforms.ActiveCfg = Release|Any CPU
		{6E5CCDD0-5F2E-452A-A508-FA1F36FBB9E7}.Release|Mixed Platforms.Build.0 = Release|Any CPU
		{6E5CCDD0-5F2E-452A-A508-FA1F36FBB9E7}.Release|x86.ActiveCfg = Release|Any CPU
		{BC7772F5-58F0-4D93-9454-0E0BDD07FA73}.Debug|Any CPU.ActiveCfg = Debug|Any CPU
		{BC7772F5-58F0-4D93-9454-0E0BDD07FA73}.Debug|Any CPU.Build.0 = Debug|Any CPU
		{BC7772F5-58F0-4D93-9454-0E0BDD07FA73}.Debug|Mixed Platforms.ActiveCfg = Debug|Any CPU
		{BC7772F5-58F0-4D93-9454-0E0BDD07FA73}.Debug|Mixed Platforms.Build.0 = Debug|Any CPU
		{BC7772F5-58F0-4D93-9454-0E0BDD07FA73}.Debug|x86.ActiveCfg = Debug|Any CPU
		{BC7772F5-58F0-4D93-9454-0E0BDD07FA73}.Release|Any CPU.ActiveCfg = Release|Any CPU
		{BC7772F5-58F0-4D93-9454-0E0BDD07FA73}.Release|Any CPU.Build.0 = Release|Any CPU
		{BC7772F5-58F0-4D93-9454-0E0BDD07FA73}.Release|Mixed Platforms.ActiveCfg = Release|Any CPU
		{BC7772F5-58F0-4D93-9454-0E0BDD07FA73}.Release|Mixed Platforms.Build.0 = Release|Any CPU
		{BC7772F5-58F0-4D93-9454-0E0BDD07FA73}.Release|x86.ActiveCfg = Release|Any CPU
		{3FD5282E-57EE-4F8D-82FF-ED69FDAF2C4E}.Debug|Any CPU.ActiveCfg = Debug|x86
		{3FD5282E-57EE-4F8D-82FF-ED69FDAF2C4E}.Debug|Mixed Platforms.ActiveCfg = Debug|x86
		{3FD5282E-57EE-4F8D-82FF-ED69FDAF2C4E}.Debug|Mixed Platforms.Build.0 = Debug|x86
		{3FD5282E-57EE-4F8D-82FF-ED69FDAF2C4E}.Debug|x86.ActiveCfg = Debug|x86
		{3FD5282E-57EE-4F8D-82FF-ED69FDAF2C4E}.Debug|x86.Build.0 = Debug|x86
		{3FD5282E-57EE-4F8D-82FF-ED69FDAF2C4E}.Release|Any CPU.ActiveCfg = Release|x86
		{3FD5282E-57EE-4F8D-82FF-ED69FDAF2C4E}.Release|Mixed Platforms.ActiveCfg = Release|x86
		{3FD5282E-57EE-4F8D-82FF-ED69FDAF2C4E}.Release|Mixed Platforms.Build.0 = Release|x86
		{3FD5282E-57EE-4F8D-82FF-ED69FDAF2C4E}.Release|x86.ActiveCfg = Release|x86
		{3FD5282E-57EE-4F8D-82FF-ED69FDAF2C4E}.Release|x86.Build.0 = Release|x86
		{9C2C012B-DAEC-4A98-ABA3-BD1914EB6E5E}.Debug|Any CPU.ActiveCfg = Debug|Any CPU
		{9C2C012B-DAEC-4A98-ABA3-BD1914EB6E5E}.Debug|Any CPU.Build.0 = Debug|Any CPU
		{9C2C012B-DAEC-4A98-ABA3-BD1914EB6E5E}.Debug|Mixed Platforms.ActiveCfg = Debug|Any CPU
		{9C2C012B-DAEC-4A98-ABA3-BD1914EB6E5E}.Debug|Mixed Platforms.Build.0 = Debug|Any CPU
		{9C2C012B-DAEC-4A98-ABA3-BD1914EB6E5E}.Debug|x86.ActiveCfg = Debug|Any CPU
		{9C2C012B-DAEC-4A98-ABA3-BD1914EB6E5E}.Release|Any CPU.ActiveCfg = Release|Any CPU
		{9C2C012B-DAEC-4A98-ABA3-BD1914EB6E5E}.Release|Any CPU.Build.0 = Release|Any CPU
		{9C2C012B-DAEC-4A98-ABA3-BD1914EB6E5E}.Release|Mixed Platforms.ActiveCfg = Release|Any CPU
		{9C2C012B-DAEC-4A98-ABA3-BD1914EB6E5E}.Release|Mixed Platforms.Build.0 = Release|Any CPU
		{9C2C012B-DAEC-4A98-ABA3-BD1914EB6E5E}.Release|x86.ActiveCfg = Release|Any CPU
		{7EA773B6-DBF1-4717-BBD1-94B3E7DB757B}.Debug|Any CPU.ActiveCfg = Debug|x86
		{7EA773B6-DBF1-4717-BBD1-94B3E7DB757B}.Debug|Mixed Platforms.ActiveCfg = Debug|x86
		{7EA773B6-DBF1-4717-BBD1-94B3E7DB757B}.Debug|Mixed Platforms.Build.0 = Debug|x86
		{7EA773B6-DBF1-4717-BBD1-94B3E7DB757B}.Debug|x86.ActiveCfg = Debug|x86
		{7EA773B6-DBF1-4717-BBD1-94B3E7DB757B}.Debug|x86.Build.0 = Debug|x86
		{7EA773B6-DBF1-4717-BBD1-94B3E7DB757B}.Release|Any CPU.ActiveCfg = Release|x86
		{7EA773B6-DBF1-4717-BBD1-94B3E7DB757B}.Release|Mixed Platforms.ActiveCfg = Release|x86
		{7EA773B6-DBF1-4717-BBD1-94B3E7DB757B}.Release|Mixed Platforms.Build.0 = Release|x86
		{7EA773B6-DBF1-4717-BBD1-94B3E7DB757B}.Release|x86.ActiveCfg = Release|x86
		{7EA773B6-DBF1-4717-BBD1-94B3E7DB757B}.Release|x86.Build.0 = Release|x86
		{A19EBA42-2C89-414A-A36C-0092F76AECBE}.Debug|Any CPU.ActiveCfg = Debug|x86
		{A19EBA42-2C89-414A-A36C-0092F76AECBE}.Debug|Mixed Platforms.ActiveCfg = Debug|x86
		{A19EBA42-2C89-414A-A36C-0092F76AECBE}.Debug|Mixed Platforms.Build.0 = Debug|x86
		{A19EBA42-2C89-414A-A36C-0092F76AECBE}.Debug|x86.ActiveCfg = Debug|x86
		{A19EBA42-2C89-414A-A36C-0092F76AECBE}.Debug|x86.Build.0 = Debug|x86
		{A19EBA42-2C89-414A-A36C-0092F76AECBE}.Release|Any CPU.ActiveCfg = Release|x86
		{A19EBA42-2C89-414A-A36C-0092F76AECBE}.Release|Mixed Platforms.ActiveCfg = Release|x86
		{A19EBA42-2C89-414A-A36C-0092F76AECBE}.Release|Mixed Platforms.Build.0 = Release|x86
		{A19EBA42-2C89-414A-A36C-0092F76AECBE}.Release|x86.ActiveCfg = Release|x86
		{A19EBA42-2C89-414A-A36C-0092F76AECBE}.Release|x86.Build.0 = Release|x86
	EndGlobalSection
	GlobalSection(SolutionProperties) = preSolution
		HideSolutionNode = FALSE
	EndGlobalSection
EndGlobal
