
Microsoft Visual Studio Solution File, Format Version 11.00
# Visual C# Express 2010
Project("{FAE04EC0-301F-11D3-BF4B-00C04F79EFBC}") = "P0101_SimpleFactory", "P0101_SimpleFactory\P0101_SimpleFactory.csproj", "{F500909D-0E75-4A19-8312-B3FAF6BDD1F2}"
EndProject
Project("{FAE04EC0-301F-11D3-BF4B-00C04F79EFBC}") = "P0102_FactoryMethod", "P0102_FactoryMethod\P0102_FactoryMethod.csproj", "{8F1DC5B4-DDA1-4E85-B628-39A947FE6389}"
EndProject
Project("{FAE04EC0-301F-11D3-BF4B-00C04F79EFBC}") = "P0103_AbstractFactory", "P0103_AbstractFactory\P0103_AbstractFactory.csproj", "{32012B65-7572-4055-9CCA-955E6ADFD657}"
EndProject
Project("{FAE04EC0-301F-11D3-BF4B-00C04F79EFBC}") = "P0104_Singleton", "P0104_Singleton\P0104_Singleton.csproj", "{CEE520F0-A9EC-4D6C-9150-DC63E1EA824E}"
EndProject
Project("{FAE04EC0-301F-11D3-BF4B-00C04F79EFBC}") = "P0105_Multiton", "P0105_Multiton\P0105_Multiton.csproj", "{6578E1F6-D7AC-4B60-831F-ECD47AB3A398}"
EndProject
Project("{FAE04EC0-301F-11D3-BF4B-00C04F79EFBC}") = "P0106_Builder", "P0106_Builder\P0106_Builder.csproj", "{D8FC841B-B8EC-471E-AA2F-8DCD778BD630}"
EndProject
Project("{FAE04EC0-301F-11D3-BF4B-00C04F79EFBC}") = "P0107_Prototype", "P0107_Prototype\P0107_Prototype.csproj", "{70A0B299-A34C-43F4-B6F5-C9EAA37D5871}"
EndProject
Project("{FAE04EC0-301F-11D3-BF4B-00C04F79EFBC}") = "P0201_Adapter", "P0201_Adapter\P0201_Adapter.csproj", "{DF902308-C005-4B4A-BCCE-886B60AD62B9}"
EndProject
Project("{FAE04EC0-301F-11D3-BF4B-00C04F79EFBC}") = "P0202_DefaultAdapter", "P0202_DefaultAdapter\P0202_DefaultAdapter.csproj", "{ED308CF0-C663-4823-B26F-D4B97E3336D4}"
EndProject
Project("{FAE04EC0-301F-11D3-BF4B-00C04F79EFBC}") = "P0203_Composite", "P0203_Composite\P0203_Composite.csproj", "{6491C58F-2777-499F-ABF3-66E0E94992D9}"
EndProject
Project("{FAE04EC0-301F-11D3-BF4B-00C04F79EFBC}") = "P0204_Decorator", "P0204_Decorator\P0204_Decorator.csproj", "{1447C2D3-9477-46BD-8DE3-B78B16484546}"
EndProject
Project("{FAE04EC0-301F-11D3-BF4B-00C04F79EFBC}") = "P0205_Proxy", "P0205_Proxy\P0205_Proxy.csproj", "{633B9FA3-ED01-4600-BB93-4BECE9A70BD5}"
EndProject
Project("{FAE04EC0-301F-11D3-BF4B-00C04F79EFBC}") = "P0206_Flyweight", "P0206_Flyweight\P0206_Flyweight.csproj", "{1EF208A9-B271-4297-9C9A-335E9B046C4F}"
EndProject
Project("{FAE04EC0-301F-11D3-BF4B-00C04F79EFBC}") = "P0207_Facade", "P0207_Facade\P0207_Facade.csproj", "{79A498A8-F82E-42F0-B8F7-58FECAA1FB88}"
EndProject
Project("{FAE04EC0-301F-11D3-BF4B-00C04F79EFBC}") = "P0208_Bridge", "P0208_Bridge\P0208_Bridge.csproj", "{26FC0F43-EC80-4B05-A088-14758F984A61}"
EndProject
Project("{FAE04EC0-301F-11D3-BF4B-00C04F79EFBC}") = "P0301_Immutable", "P0301_Immutable\P0301_Immutable.csproj", "{A85DA142-DE5C-4103-93E0-43E90782B258}"
EndProject
Project("{FAE04EC0-301F-11D3-BF4B-00C04F79EFBC}") = "P0302_Strategy", "P0302_Strategy\P0302_Strategy.csproj", "{09FC3370-5AEF-4766-B1DA-3B9FFBBBE3D8}"
EndProject
Project("{FAE04EC0-301F-11D3-BF4B-00C04F79EFBC}") = "P0303_TemplateMethod", "P0303_TemplateMethod\P0303_TemplateMethod.csproj", "{2298859A-B217-4A92-9AEB-6C2708547242}"
EndProject
Project("{FAE04EC0-301F-11D3-BF4B-00C04F79EFBC}") = "P0304_Observer", "P0304_Observer\P0304_Observer.csproj", "{AB6F365B-4560-4ED1-B0E6-BBDE0069B468}"
EndProject
Project("{FAE04EC0-301F-11D3-BF4B-00C04F79EFBC}") = "P0305_Iterator", "P0305_Iterator\P0305_Iterator.csproj", "{57D1D8A0-DE98-42A7-B987-09FB0EE0EA8B}"
EndProject
Project("{FAE04EC0-301F-11D3-BF4B-00C04F79EFBC}") = "P0306_ChainOfResponsibility", "P0306_ChainOfResponsibility\P0306_ChainOfResponsibility.csproj", "{ED47289B-95A1-48BB-AF82-2CEA9649B5AC}"
EndProject
Project("{FAE04EC0-301F-11D3-BF4B-00C04F79EFBC}") = "P0307_Command", "P0307_Command\P0307_Command.csproj", "{CAB7712A-89A0-4390-8C04-A92F8165AF90}"
EndProject
Project("{FAE04EC0-301F-11D3-BF4B-00C04F79EFBC}") = "P0308_Memento", "P0308_Memento\P0308_Memento.csproj", "{8C74BD1F-0974-46EA-A7E1-4EB98CC582F9}"
EndProject
Project("{FAE04EC0-301F-11D3-BF4B-00C04F79EFBC}") = "P0309_State", "P0309_State\P0309_State.csproj", "{F221960D-AF62-486E-9248-00D2A9B293D6}"
EndProject
Project("{FAE04EC0-301F-11D3-BF4B-00C04F79EFBC}") = "P0310_Visitor", "P0310_Visitor\P0310_Visitor.csproj", "{7840ACF1-4E1F-4AAD-BE35-E1F4BA05AA66}"
EndProject
Project("{FAE04EC0-301F-11D3-BF4B-00C04F79EFBC}") = "P0311_Interpreter", "P0311_Interpreter\P0311_Interpreter.csproj", "{C251DEEF-2E53-454C-83E6-EE04AB8D6F53}"
EndProject
Project("{FAE04EC0-301F-11D3-BF4B-00C04F79EFBC}") = "P0312_Mediator", "P0312_Mediator\P0312_Mediator.csproj", "{68BEC1D2-C372-4D41-B420-1C4DBF750DE4}"
EndProject
Global
	GlobalSection(SolutionConfigurationPlatforms) = preSolution
		Debug|x86 = Debug|x86
		Release|x86 = Release|x86
	EndGlobalSection
	GlobalSection(ProjectConfigurationPlatforms) = postSolution
		{F500909D-0E75-4A19-8312-B3FAF6BDD1F2}.Debug|x86.ActiveCfg = Debug|x86
		{F500909D-0E75-4A19-8312-B3FAF6BDD1F2}.Debug|x86.Build.0 = Debug|x86
		{F500909D-0E75-4A19-8312-B3FAF6BDD1F2}.Release|x86.ActiveCfg = Release|x86
		{F500909D-0E75-4A19-8312-B3FAF6BDD1F2}.Release|x86.Build.0 = Release|x86
		{8F1DC5B4-DDA1-4E85-B628-39A947FE6389}.Debug|x86.ActiveCfg = Debug|x86
		{8F1DC5B4-DDA1-4E85-B628-39A947FE6389}.Debug|x86.Build.0 = Debug|x86
		{8F1DC5B4-DDA1-4E85-B628-39A947FE6389}.Release|x86.ActiveCfg = Release|x86
		{8F1DC5B4-DDA1-4E85-B628-39A947FE6389}.Release|x86.Build.0 = Release|x86
		{32012B65-7572-4055-9CCA-955E6ADFD657}.Debug|x86.ActiveCfg = Debug|x86
		{32012B65-7572-4055-9CCA-955E6ADFD657}.Debug|x86.Build.0 = Debug|x86
		{32012B65-7572-4055-9CCA-955E6ADFD657}.Release|x86.ActiveCfg = Release|x86
		{32012B65-7572-4055-9CCA-955E6ADFD657}.Release|x86.Build.0 = Release|x86
		{CEE520F0-A9EC-4D6C-9150-DC63E1EA824E}.Debug|x86.ActiveCfg = Debug|x86
		{CEE520F0-A9EC-4D6C-9150-DC63E1EA824E}.Debug|x86.Build.0 = Debug|x86
		{CEE520F0-A9EC-4D6C-9150-DC63E1EA824E}.Release|x86.ActiveCfg = Release|x86
		{CEE520F0-A9EC-4D6C-9150-DC63E1EA824E}.Release|x86.Build.0 = Release|x86
		{6578E1F6-D7AC-4B60-831F-ECD47AB3A398}.Debug|x86.ActiveCfg = Debug|x86
		{6578E1F6-D7AC-4B60-831F-ECD47AB3A398}.Debug|x86.Build.0 = Debug|x86
		{6578E1F6-D7AC-4B60-831F-ECD47AB3A398}.Release|x86.ActiveCfg = Release|x86
		{6578E1F6-D7AC-4B60-831F-ECD47AB3A398}.Release|x86.Build.0 = Release|x86
		{D8FC841B-B8EC-471E-AA2F-8DCD778BD630}.Debug|x86.ActiveCfg = Debug|x86
		{D8FC841B-B8EC-471E-AA2F-8DCD778BD630}.Debug|x86.Build.0 = Debug|x86
		{D8FC841B-B8EC-471E-AA2F-8DCD778BD630}.Release|x86.ActiveCfg = Release|x86
		{D8FC841B-B8EC-471E-AA2F-8DCD778BD630}.Release|x86.Build.0 = Release|x86
		{70A0B299-A34C-43F4-B6F5-C9EAA37D5871}.Debug|x86.ActiveCfg = Debug|x86
		{70A0B299-A34C-43F4-B6F5-C9EAA37D5871}.Debug|x86.Build.0 = Debug|x86
		{70A0B299-A34C-43F4-B6F5-C9EAA37D5871}.Release|x86.ActiveCfg = Release|x86
		{70A0B299-A34C-43F4-B6F5-C9EAA37D5871}.Release|x86.Build.0 = Release|x86
		{DF902308-C005-4B4A-BCCE-886B60AD62B9}.Debug|x86.ActiveCfg = Debug|x86
		{DF902308-C005-4B4A-BCCE-886B60AD62B9}.Debug|x86.Build.0 = Debug|x86
		{DF902308-C005-4B4A-BCCE-886B60AD62B9}.Release|x86.ActiveCfg = Release|x86
		{DF902308-C005-4B4A-BCCE-886B60AD62B9}.Release|x86.Build.0 = Release|x86
		{ED308CF0-C663-4823-B26F-D4B97E3336D4}.Debug|x86.ActiveCfg = Debug|x86
		{ED308CF0-C663-4823-B26F-D4B97E3336D4}.Debug|x86.Build.0 = Debug|x86
		{ED308CF0-C663-4823-B26F-D4B97E3336D4}.Release|x86.ActiveCfg = Release|x86
		{ED308CF0-C663-4823-B26F-D4B97E3336D4}.Release|x86.Build.0 = Release|x86
		{6491C58F-2777-499F-ABF3-66E0E94992D9}.Debug|x86.ActiveCfg = Debug|x86
		{6491C58F-2777-499F-ABF3-66E0E94992D9}.Debug|x86.Build.0 = Debug|x86
		{6491C58F-2777-499F-ABF3-66E0E94992D9}.Release|x86.ActiveCfg = Release|x86
		{6491C58F-2777-499F-ABF3-66E0E94992D9}.Release|x86.Build.0 = Release|x86
		{1447C2D3-9477-46BD-8DE3-B78B16484546}.Debug|x86.ActiveCfg = Debug|x86
		{1447C2D3-9477-46BD-8DE3-B78B16484546}.Debug|x86.Build.0 = Debug|x86
		{1447C2D3-9477-46BD-8DE3-B78B16484546}.Release|x86.ActiveCfg = Release|x86
		{1447C2D3-9477-46BD-8DE3-B78B16484546}.Release|x86.Build.0 = Release|x86
		{633B9FA3-ED01-4600-BB93-4BECE9A70BD5}.Debug|x86.ActiveCfg = Debug|x86
		{633B9FA3-ED01-4600-BB93-4BECE9A70BD5}.Debug|x86.Build.0 = Debug|x86
		{633B9FA3-ED01-4600-BB93-4BECE9A70BD5}.Release|x86.ActiveCfg = Release|x86
		{633B9FA3-ED01-4600-BB93-4BECE9A70BD5}.Release|x86.Build.0 = Release|x86
		{1EF208A9-B271-4297-9C9A-335E9B046C4F}.Debug|x86.ActiveCfg = Debug|x86
		{1EF208A9-B271-4297-9C9A-335E9B046C4F}.Debug|x86.Build.0 = Debug|x86
		{1EF208A9-B271-4297-9C9A-335E9B046C4F}.Release|x86.ActiveCfg = Release|x86
		{1EF208A9-B271-4297-9C9A-335E9B046C4F}.Release|x86.Build.0 = Release|x86
		{79A498A8-F82E-42F0-B8F7-58FECAA1FB88}.Debug|x86.ActiveCfg = Debug|x86
		{79A498A8-F82E-42F0-B8F7-58FECAA1FB88}.Debug|x86.Build.0 = Debug|x86
		{79A498A8-F82E-42F0-B8F7-58FECAA1FB88}.Release|x86.ActiveCfg = Release|x86
		{79A498A8-F82E-42F0-B8F7-58FECAA1FB88}.Release|x86.Build.0 = Release|x86
		{26FC0F43-EC80-4B05-A088-14758F984A61}.Debug|x86.ActiveCfg = Debug|x86
		{26FC0F43-EC80-4B05-A088-14758F984A61}.Debug|x86.Build.0 = Debug|x86
		{26FC0F43-EC80-4B05-A088-14758F984A61}.Release|x86.ActiveCfg = Release|x86
		{26FC0F43-EC80-4B05-A088-14758F984A61}.Release|x86.Build.0 = Release|x86
		{A85DA142-DE5C-4103-93E0-43E90782B258}.Debug|x86.ActiveCfg = Debug|x86
		{A85DA142-DE5C-4103-93E0-43E90782B258}.Debug|x86.Build.0 = Debug|x86
		{A85DA142-DE5C-4103-93E0-43E90782B258}.Release|x86.ActiveCfg = Release|x86
		{A85DA142-DE5C-4103-93E0-43E90782B258}.Release|x86.Build.0 = Release|x86
		{09FC3370-5AEF-4766-B1DA-3B9FFBBBE3D8}.Debug|x86.ActiveCfg = Debug|x86
		{09FC3370-5AEF-4766-B1DA-3B9FFBBBE3D8}.Debug|x86.Build.0 = Debug|x86
		{09FC3370-5AEF-4766-B1DA-3B9FFBBBE3D8}.Release|x86.ActiveCfg = Release|x86
		{09FC3370-5AEF-4766-B1DA-3B9FFBBBE3D8}.Release|x86.Build.0 = Release|x86
		{2298859A-B217-4A92-9AEB-6C2708547242}.Debug|x86.ActiveCfg = Debug|x86
		{2298859A-B217-4A92-9AEB-6C2708547242}.Debug|x86.Build.0 = Debug|x86
		{2298859A-B217-4A92-9AEB-6C2708547242}.Release|x86.ActiveCfg = Release|x86
		{2298859A-B217-4A92-9AEB-6C2708547242}.Release|x86.Build.0 = Release|x86
		{AB6F365B-4560-4ED1-B0E6-BBDE0069B468}.Debug|x86.ActiveCfg = Debug|x86
		{AB6F365B-4560-4ED1-B0E6-BBDE0069B468}.Debug|x86.Build.0 = Debug|x86
		{AB6F365B-4560-4ED1-B0E6-BBDE0069B468}.Release|x86.ActiveCfg = Release|x86
		{AB6F365B-4560-4ED1-B0E6-BBDE0069B468}.Release|x86.Build.0 = Release|x86
		{57D1D8A0-DE98-42A7-B987-09FB0EE0EA8B}.Debug|x86.ActiveCfg = Debug|x86
		{57D1D8A0-DE98-42A7-B987-09FB0EE0EA8B}.Debug|x86.Build.0 = Debug|x86
		{57D1D8A0-DE98-42A7-B987-09FB0EE0EA8B}.Release|x86.ActiveCfg = Release|x86
		{57D1D8A0-DE98-42A7-B987-09FB0EE0EA8B}.Release|x86.Build.0 = Release|x86
		{ED47289B-95A1-48BB-AF82-2CEA9649B5AC}.Debug|x86.ActiveCfg = Debug|x86
		{ED47289B-95A1-48BB-AF82-2CEA9649B5AC}.Debug|x86.Build.0 = Debug|x86
		{ED47289B-95A1-48BB-AF82-2CEA9649B5AC}.Release|x86.ActiveCfg = Release|x86
		{ED47289B-95A1-48BB-AF82-2CEA9649B5AC}.Release|x86.Build.0 = Release|x86
		{CAB7712A-89A0-4390-8C04-A92F8165AF90}.Debug|x86.ActiveCfg = Debug|x86
		{CAB7712A-89A0-4390-8C04-A92F8165AF90}.Debug|x86.Build.0 = Debug|x86
		{CAB7712A-89A0-4390-8C04-A92F8165AF90}.Release|x86.ActiveCfg = Release|x86
		{CAB7712A-89A0-4390-8C04-A92F8165AF90}.Release|x86.Build.0 = Release|x86
		{8C74BD1F-0974-46EA-A7E1-4EB98CC582F9}.Debug|x86.ActiveCfg = Debug|x86
		{8C74BD1F-0974-46EA-A7E1-4EB98CC582F9}.Debug|x86.Build.0 = Debug|x86
		{8C74BD1F-0974-46EA-A7E1-4EB98CC582F9}.Release|x86.ActiveCfg = Release|x86
		{8C74BD1F-0974-46EA-A7E1-4EB98CC582F9}.Release|x86.Build.0 = Release|x86
		{F221960D-AF62-486E-9248-00D2A9B293D6}.Debug|x86.ActiveCfg = Debug|x86
		{F221960D-AF62-486E-9248-00D2A9B293D6}.Debug|x86.Build.0 = Debug|x86
		{F221960D-AF62-486E-9248-00D2A9B293D6}.Release|x86.ActiveCfg = Release|x86
		{F221960D-AF62-486E-9248-00D2A9B293D6}.Release|x86.Build.0 = Release|x86
		{7840ACF1-4E1F-4AAD-BE35-E1F4BA05AA66}.Debug|x86.ActiveCfg = Debug|x86
		{7840ACF1-4E1F-4AAD-BE35-E1F4BA05AA66}.Debug|x86.Build.0 = Debug|x86
		{7840ACF1-4E1F-4AAD-BE35-E1F4BA05AA66}.Release|x86.ActiveCfg = Release|x86
		{7840ACF1-4E1F-4AAD-BE35-E1F4BA05AA66}.Release|x86.Build.0 = Release|x86
		{C251DEEF-2E53-454C-83E6-EE04AB8D6F53}.Debug|x86.ActiveCfg = Debug|x86
		{C251DEEF-2E53-454C-83E6-EE04AB8D6F53}.Debug|x86.Build.0 = Debug|x86
		{C251DEEF-2E53-454C-83E6-EE04AB8D6F53}.Release|x86.ActiveCfg = Release|x86
		{C251DEEF-2E53-454C-83E6-EE04AB8D6F53}.Release|x86.Build.0 = Release|x86
		{68BEC1D2-C372-4D41-B420-1C4DBF750DE4}.Debug|x86.ActiveCfg = Debug|x86
		{68BEC1D2-C372-4D41-B420-1C4DBF750DE4}.Debug|x86.Build.0 = Debug|x86
		{68BEC1D2-C372-4D41-B420-1C4DBF750DE4}.Release|x86.ActiveCfg = Release|x86
		{68BEC1D2-C372-4D41-B420-1C4DBF750DE4}.Release|x86.Build.0 = Release|x86
	EndGlobalSection
	GlobalSection(SolutionProperties) = preSolution
		HideSolutionNode = FALSE
	EndGlobalSection
EndGlobal
