
Microsoft Visual Studio Solution File, Format Version 12.00
# Visual Studio 2013
VisualStudioVersion = 12.0.31101.0
MinimumVisualStudioVersion = 10.0.40219.1
Project("{FAE04EC0-301F-11D3-BF4B-00C04F79EFBC}") = "C0010_SecretKeyEncryption", "C0010_SecretKeyEncryption\C0010_SecretKeyEncryption.csproj", "{800EF185-C2B9-478F-A3AB-152960BDD748}"
EndProject
Project("{FAE04EC0-301F-11D3-BF4B-00C04F79EFBC}") = "C0020_PublicKeyEncryption", "C0020_PublicKeyEncryption\C0020_PublicKeyEncryption.csproj", "{15ADF52B-E742-416F-82F3-620FEE8EED80}"
EndProject
Project("{FAE04EC0-301F-11D3-BF4B-00C04F79EFBC}") = "C0050_SymmetricCryptography_XML", "C0050_SymmetricCryptography_XML\C0050_SymmetricCryptography_XML.csproj", "{5F4B6370-2E7A-4B5D-9235-54BC70359B0C}"
EndProject
Project("{FAE04EC0-301F-11D3-BF4B-00C04F79EFBC}") = "C0060_AsymmetricCryptography_XML", "C0060_AsymmetricCryptography_XML\C0060_AsymmetricCryptography_XML.csproj", "{09C45790-65AF-49D0-B11A-A66AD881A2EC}"
EndProject
Project("{FAE04EC0-301F-11D3-BF4B-00C04F79EFBC}") = "C0100_SignXML", "C0100_SignXML\C0100_SignXML.csproj", "{A8A1CAC0-0EE5-417E-A43F-D36EEAC2F82F}"
EndProject
Project("{FAE04EC0-301F-11D3-BF4B-00C04F79EFBC}") = "C0200_HashValues", "C0200_HashValues\C0200_HashValues.csproj", "{0D15EF29-771B-416B-92F5-2F0EEF221CF3}"
EndProject
Project("{FAE04EC0-301F-11D3-BF4B-00C04F79EFBC}") = "C0300_ProtectedMemory", "C0300_ProtectedMemory\C0300_ProtectedMemory.csproj", "{0A85A5AD-BA6A-4250-8361-8D987C2CC27B}"
EndProject
Project("{FAE04EC0-301F-11D3-BF4B-00C04F79EFBC}") = "C0900_Keys", "C0900_Keys\C0900_Keys.csproj", "{318500C1-193C-42B0-B3A7-1E06783144DF}"
EndProject
Project("{FAE04EC0-301F-11D3-BF4B-00C04F79EFBC}") = "C0011_3DES", "C0011_3DES\C0011_3DES.csproj", "{4434D697-FFEB-4A81-AC9D-A07DE95DA98E}"
EndProject
Project("{FAE04EC0-301F-11D3-BF4B-00C04F79EFBC}") = "C0021_RsaWithJava", "C0021_RsaWithJava\C0021_RsaWithJava.csproj", "{7DDC0B7A-A66B-414B-882A-A7FEEE365583}"
EndProject
Project("{FAE04EC0-301F-11D3-BF4B-00C04F79EFBC}") = "C0022_OpenSsl_Pem2Xml", "C0022_OpenSsl_Pem2Xml\C0022_OpenSsl_Pem2Xml.csproj", "{DE543D24-673D-485D-8FDA-0CB5B7B1206B}"
EndProject
Project("{FAE04EC0-301F-11D3-BF4B-00C04F79EFBC}") = "C0023_OpenSsl", "C0023_OpenSsl\C0023_OpenSsl.csproj", "{0465D668-01BC-4121-823A-2981609CFE13}"
EndProject
Project("{FAE04EC0-301F-11D3-BF4B-00C04F79EFBC}") = "C0012_DES", "C0012_DES\C0012_DES.csproj", "{1F7A458A-21DB-4EB5-9787-9358FEB5F4CE}"
EndProject
Project("{FAE04EC0-301F-11D3-BF4B-00C04F79EFBC}") = "C0013_AES", "C0013_AES\C0013_AES.csproj", "{6E1AADF5-D8D3-4814-9AB5-EF68EF30DCDF}"
EndProject
Global
	GlobalSection(SolutionConfigurationPlatforms) = preSolution
		Debug|Any CPU = Debug|Any CPU
		Debug|Mixed Platforms = Debug|Mixed Platforms
		Debug|x86 = Debug|x86
		Release|Any CPU = Release|Any CPU
		Release|Mixed Platforms = Release|Mixed Platforms
		Release|x86 = Release|x86
	EndGlobalSection
	GlobalSection(ProjectConfigurationPlatforms) = postSolution
		{800EF185-C2B9-478F-A3AB-152960BDD748}.Debug|Any CPU.ActiveCfg = Debug|x86
		{800EF185-C2B9-478F-A3AB-152960BDD748}.Debug|Mixed Platforms.ActiveCfg = Debug|x86
		{800EF185-C2B9-478F-A3AB-152960BDD748}.Debug|Mixed Platforms.Build.0 = Debug|x86
		{800EF185-C2B9-478F-A3AB-152960BDD748}.Debug|x86.ActiveCfg = Debug|x86
		{800EF185-C2B9-478F-A3AB-152960BDD748}.Debug|x86.Build.0 = Debug|x86
		{800EF185-C2B9-478F-A3AB-152960BDD748}.Release|Any CPU.ActiveCfg = Release|x86
		{800EF185-C2B9-478F-A3AB-152960BDD748}.Release|Mixed Platforms.ActiveCfg = Release|x86
		{800EF185-C2B9-478F-A3AB-152960BDD748}.Release|Mixed Platforms.Build.0 = Release|x86
		{800EF185-C2B9-478F-A3AB-152960BDD748}.Release|x86.ActiveCfg = Release|x86
		{800EF185-C2B9-478F-A3AB-152960BDD748}.Release|x86.Build.0 = Release|x86
		{15ADF52B-E742-416F-82F3-620FEE8EED80}.Debug|Any CPU.ActiveCfg = Debug|x86
		{15ADF52B-E742-416F-82F3-620FEE8EED80}.Debug|Mixed Platforms.ActiveCfg = Debug|x86
		{15ADF52B-E742-416F-82F3-620FEE8EED80}.Debug|Mixed Platforms.Build.0 = Debug|x86
		{15ADF52B-E742-416F-82F3-620FEE8EED80}.Debug|x86.ActiveCfg = Debug|x86
		{15ADF52B-E742-416F-82F3-620FEE8EED80}.Debug|x86.Build.0 = Debug|x86
		{15ADF52B-E742-416F-82F3-620FEE8EED80}.Release|Any CPU.ActiveCfg = Release|x86
		{15ADF52B-E742-416F-82F3-620FEE8EED80}.Release|Mixed Platforms.ActiveCfg = Release|x86
		{15ADF52B-E742-416F-82F3-620FEE8EED80}.Release|Mixed Platforms.Build.0 = Release|x86
		{15ADF52B-E742-416F-82F3-620FEE8EED80}.Release|x86.ActiveCfg = Release|x86
		{15ADF52B-E742-416F-82F3-620FEE8EED80}.Release|x86.Build.0 = Release|x86
		{5F4B6370-2E7A-4B5D-9235-54BC70359B0C}.Debug|Any CPU.ActiveCfg = Debug|x86
		{5F4B6370-2E7A-4B5D-9235-54BC70359B0C}.Debug|Mixed Platforms.ActiveCfg = Debug|x86
		{5F4B6370-2E7A-4B5D-9235-54BC70359B0C}.Debug|Mixed Platforms.Build.0 = Debug|x86
		{5F4B6370-2E7A-4B5D-9235-54BC70359B0C}.Debug|x86.ActiveCfg = Debug|x86
		{5F4B6370-2E7A-4B5D-9235-54BC70359B0C}.Debug|x86.Build.0 = Debug|x86
		{5F4B6370-2E7A-4B5D-9235-54BC70359B0C}.Release|Any CPU.ActiveCfg = Release|x86
		{5F4B6370-2E7A-4B5D-9235-54BC70359B0C}.Release|Mixed Platforms.ActiveCfg = Release|x86
		{5F4B6370-2E7A-4B5D-9235-54BC70359B0C}.Release|Mixed Platforms.Build.0 = Release|x86
		{5F4B6370-2E7A-4B5D-9235-54BC70359B0C}.Release|x86.ActiveCfg = Release|x86
		{5F4B6370-2E7A-4B5D-9235-54BC70359B0C}.Release|x86.Build.0 = Release|x86
		{09C45790-65AF-49D0-B11A-A66AD881A2EC}.Debug|Any CPU.ActiveCfg = Debug|x86
		{09C45790-65AF-49D0-B11A-A66AD881A2EC}.Debug|Mixed Platforms.ActiveCfg = Debug|x86
		{09C45790-65AF-49D0-B11A-A66AD881A2EC}.Debug|Mixed Platforms.Build.0 = Debug|x86
		{09C45790-65AF-49D0-B11A-A66AD881A2EC}.Debug|x86.ActiveCfg = Debug|x86
		{09C45790-65AF-49D0-B11A-A66AD881A2EC}.Debug|x86.Build.0 = Debug|x86
		{09C45790-65AF-49D0-B11A-A66AD881A2EC}.Release|Any CPU.ActiveCfg = Release|x86
		{09C45790-65AF-49D0-B11A-A66AD881A2EC}.Release|Mixed Platforms.ActiveCfg = Release|x86
		{09C45790-65AF-49D0-B11A-A66AD881A2EC}.Release|Mixed Platforms.Build.0 = Release|x86
		{09C45790-65AF-49D0-B11A-A66AD881A2EC}.Release|x86.ActiveCfg = Release|x86
		{09C45790-65AF-49D0-B11A-A66AD881A2EC}.Release|x86.Build.0 = Release|x86
		{A8A1CAC0-0EE5-417E-A43F-D36EEAC2F82F}.Debug|Any CPU.ActiveCfg = Debug|x86
		{A8A1CAC0-0EE5-417E-A43F-D36EEAC2F82F}.Debug|Mixed Platforms.ActiveCfg = Debug|x86
		{A8A1CAC0-0EE5-417E-A43F-D36EEAC2F82F}.Debug|Mixed Platforms.Build.0 = Debug|x86
		{A8A1CAC0-0EE5-417E-A43F-D36EEAC2F82F}.Debug|x86.ActiveCfg = Debug|x86
		{A8A1CAC0-0EE5-417E-A43F-D36EEAC2F82F}.Debug|x86.Build.0 = Debug|x86
		{A8A1CAC0-0EE5-417E-A43F-D36EEAC2F82F}.Release|Any CPU.ActiveCfg = Release|x86
		{A8A1CAC0-0EE5-417E-A43F-D36EEAC2F82F}.Release|Mixed Platforms.ActiveCfg = Release|x86
		{A8A1CAC0-0EE5-417E-A43F-D36EEAC2F82F}.Release|Mixed Platforms.Build.0 = Release|x86
		{A8A1CAC0-0EE5-417E-A43F-D36EEAC2F82F}.Release|x86.ActiveCfg = Release|x86
		{A8A1CAC0-0EE5-417E-A43F-D36EEAC2F82F}.Release|x86.Build.0 = Release|x86
		{0D15EF29-771B-416B-92F5-2F0EEF221CF3}.Debug|Any CPU.ActiveCfg = Debug|x86
		{0D15EF29-771B-416B-92F5-2F0EEF221CF3}.Debug|Mixed Platforms.ActiveCfg = Debug|x86
		{0D15EF29-771B-416B-92F5-2F0EEF221CF3}.Debug|Mixed Platforms.Build.0 = Debug|x86
		{0D15EF29-771B-416B-92F5-2F0EEF221CF3}.Debug|x86.ActiveCfg = Debug|x86
		{0D15EF29-771B-416B-92F5-2F0EEF221CF3}.Debug|x86.Build.0 = Debug|x86
		{0D15EF29-771B-416B-92F5-2F0EEF221CF3}.Release|Any CPU.ActiveCfg = Release|x86
		{0D15EF29-771B-416B-92F5-2F0EEF221CF3}.Release|Mixed Platforms.ActiveCfg = Release|x86
		{0D15EF29-771B-416B-92F5-2F0EEF221CF3}.Release|Mixed Platforms.Build.0 = Release|x86
		{0D15EF29-771B-416B-92F5-2F0EEF221CF3}.Release|x86.ActiveCfg = Release|x86
		{0D15EF29-771B-416B-92F5-2F0EEF221CF3}.Release|x86.Build.0 = Release|x86
		{0A85A5AD-BA6A-4250-8361-8D987C2CC27B}.Debug|Any CPU.ActiveCfg = Debug|x86
		{0A85A5AD-BA6A-4250-8361-8D987C2CC27B}.Debug|Mixed Platforms.ActiveCfg = Debug|x86
		{0A85A5AD-BA6A-4250-8361-8D987C2CC27B}.Debug|Mixed Platforms.Build.0 = Debug|x86
		{0A85A5AD-BA6A-4250-8361-8D987C2CC27B}.Debug|x86.ActiveCfg = Debug|x86
		{0A85A5AD-BA6A-4250-8361-8D987C2CC27B}.Debug|x86.Build.0 = Debug|x86
		{0A85A5AD-BA6A-4250-8361-8D987C2CC27B}.Release|Any CPU.ActiveCfg = Release|x86
		{0A85A5AD-BA6A-4250-8361-8D987C2CC27B}.Release|Mixed Platforms.ActiveCfg = Release|x86
		{0A85A5AD-BA6A-4250-8361-8D987C2CC27B}.Release|Mixed Platforms.Build.0 = Release|x86
		{0A85A5AD-BA6A-4250-8361-8D987C2CC27B}.Release|x86.ActiveCfg = Release|x86
		{0A85A5AD-BA6A-4250-8361-8D987C2CC27B}.Release|x86.Build.0 = Release|x86
		{318500C1-193C-42B0-B3A7-1E06783144DF}.Debug|Any CPU.ActiveCfg = Debug|x86
		{318500C1-193C-42B0-B3A7-1E06783144DF}.Debug|Mixed Platforms.ActiveCfg = Debug|x86
		{318500C1-193C-42B0-B3A7-1E06783144DF}.Debug|Mixed Platforms.Build.0 = Debug|x86
		{318500C1-193C-42B0-B3A7-1E06783144DF}.Debug|x86.ActiveCfg = Debug|x86
		{318500C1-193C-42B0-B3A7-1E06783144DF}.Debug|x86.Build.0 = Debug|x86
		{318500C1-193C-42B0-B3A7-1E06783144DF}.Release|Any CPU.ActiveCfg = Release|x86
		{318500C1-193C-42B0-B3A7-1E06783144DF}.Release|Mixed Platforms.ActiveCfg = Release|x86
		{318500C1-193C-42B0-B3A7-1E06783144DF}.Release|Mixed Platforms.Build.0 = Release|x86
		{318500C1-193C-42B0-B3A7-1E06783144DF}.Release|x86.ActiveCfg = Release|x86
		{318500C1-193C-42B0-B3A7-1E06783144DF}.Release|x86.Build.0 = Release|x86
		{4434D697-FFEB-4A81-AC9D-A07DE95DA98E}.Debug|Any CPU.ActiveCfg = Debug|x86
		{4434D697-FFEB-4A81-AC9D-A07DE95DA98E}.Debug|Mixed Platforms.ActiveCfg = Debug|x86
		{4434D697-FFEB-4A81-AC9D-A07DE95DA98E}.Debug|Mixed Platforms.Build.0 = Debug|x86
		{4434D697-FFEB-4A81-AC9D-A07DE95DA98E}.Debug|x86.ActiveCfg = Debug|x86
		{4434D697-FFEB-4A81-AC9D-A07DE95DA98E}.Debug|x86.Build.0 = Debug|x86
		{4434D697-FFEB-4A81-AC9D-A07DE95DA98E}.Release|Any CPU.ActiveCfg = Release|x86
		{4434D697-FFEB-4A81-AC9D-A07DE95DA98E}.Release|Mixed Platforms.ActiveCfg = Release|x86
		{4434D697-FFEB-4A81-AC9D-A07DE95DA98E}.Release|Mixed Platforms.Build.0 = Release|x86
		{4434D697-FFEB-4A81-AC9D-A07DE95DA98E}.Release|x86.ActiveCfg = Release|x86
		{4434D697-FFEB-4A81-AC9D-A07DE95DA98E}.Release|x86.Build.0 = Release|x86
		{7DDC0B7A-A66B-414B-882A-A7FEEE365583}.Debug|Any CPU.ActiveCfg = Debug|x86
		{7DDC0B7A-A66B-414B-882A-A7FEEE365583}.Debug|Mixed Platforms.ActiveCfg = Debug|x86
		{7DDC0B7A-A66B-414B-882A-A7FEEE365583}.Debug|Mixed Platforms.Build.0 = Debug|x86
		{7DDC0B7A-A66B-414B-882A-A7FEEE365583}.Debug|x86.ActiveCfg = Debug|x86
		{7DDC0B7A-A66B-414B-882A-A7FEEE365583}.Debug|x86.Build.0 = Debug|x86
		{7DDC0B7A-A66B-414B-882A-A7FEEE365583}.Release|Any CPU.ActiveCfg = Release|x86
		{7DDC0B7A-A66B-414B-882A-A7FEEE365583}.Release|Mixed Platforms.ActiveCfg = Release|x86
		{7DDC0B7A-A66B-414B-882A-A7FEEE365583}.Release|Mixed Platforms.Build.0 = Release|x86
		{7DDC0B7A-A66B-414B-882A-A7FEEE365583}.Release|x86.ActiveCfg = Release|x86
		{7DDC0B7A-A66B-414B-882A-A7FEEE365583}.Release|x86.Build.0 = Release|x86
		{DE543D24-673D-485D-8FDA-0CB5B7B1206B}.Debug|Any CPU.ActiveCfg = Debug|x86
		{DE543D24-673D-485D-8FDA-0CB5B7B1206B}.Debug|Mixed Platforms.ActiveCfg = Debug|x86
		{DE543D24-673D-485D-8FDA-0CB5B7B1206B}.Debug|Mixed Platforms.Build.0 = Debug|x86
		{DE543D24-673D-485D-8FDA-0CB5B7B1206B}.Debug|x86.ActiveCfg = Debug|x86
		{DE543D24-673D-485D-8FDA-0CB5B7B1206B}.Debug|x86.Build.0 = Debug|x86
		{DE543D24-673D-485D-8FDA-0CB5B7B1206B}.Release|Any CPU.ActiveCfg = Release|x86
		{DE543D24-673D-485D-8FDA-0CB5B7B1206B}.Release|Mixed Platforms.ActiveCfg = Release|x86
		{DE543D24-673D-485D-8FDA-0CB5B7B1206B}.Release|Mixed Platforms.Build.0 = Release|x86
		{DE543D24-673D-485D-8FDA-0CB5B7B1206B}.Release|x86.ActiveCfg = Release|x86
		{DE543D24-673D-485D-8FDA-0CB5B7B1206B}.Release|x86.Build.0 = Release|x86
		{0465D668-01BC-4121-823A-2981609CFE13}.Debug|Any CPU.ActiveCfg = Debug|x86
		{0465D668-01BC-4121-823A-2981609CFE13}.Debug|Mixed Platforms.ActiveCfg = Debug|x86
		{0465D668-01BC-4121-823A-2981609CFE13}.Debug|Mixed Platforms.Build.0 = Debug|x86
		{0465D668-01BC-4121-823A-2981609CFE13}.Debug|x86.ActiveCfg = Debug|x86
		{0465D668-01BC-4121-823A-2981609CFE13}.Debug|x86.Build.0 = Debug|x86
		{0465D668-01BC-4121-823A-2981609CFE13}.Release|Any CPU.ActiveCfg = Release|x86
		{0465D668-01BC-4121-823A-2981609CFE13}.Release|Mixed Platforms.ActiveCfg = Release|x86
		{0465D668-01BC-4121-823A-2981609CFE13}.Release|Mixed Platforms.Build.0 = Release|x86
		{0465D668-01BC-4121-823A-2981609CFE13}.Release|x86.ActiveCfg = Release|x86
		{0465D668-01BC-4121-823A-2981609CFE13}.Release|x86.Build.0 = Release|x86
		{1F7A458A-21DB-4EB5-9787-9358FEB5F4CE}.Debug|Any CPU.ActiveCfg = Debug|x86
		{1F7A458A-21DB-4EB5-9787-9358FEB5F4CE}.Debug|Mixed Platforms.ActiveCfg = Debug|x86
		{1F7A458A-21DB-4EB5-9787-9358FEB5F4CE}.Debug|Mixed Platforms.Build.0 = Debug|x86
		{1F7A458A-21DB-4EB5-9787-9358FEB5F4CE}.Debug|x86.ActiveCfg = Debug|x86
		{1F7A458A-21DB-4EB5-9787-9358FEB5F4CE}.Debug|x86.Build.0 = Debug|x86
		{1F7A458A-21DB-4EB5-9787-9358FEB5F4CE}.Release|Any CPU.ActiveCfg = Release|x86
		{1F7A458A-21DB-4EB5-9787-9358FEB5F4CE}.Release|Mixed Platforms.ActiveCfg = Release|x86
		{1F7A458A-21DB-4EB5-9787-9358FEB5F4CE}.Release|Mixed Platforms.Build.0 = Release|x86
		{1F7A458A-21DB-4EB5-9787-9358FEB5F4CE}.Release|x86.ActiveCfg = Release|x86
		{1F7A458A-21DB-4EB5-9787-9358FEB5F4CE}.Release|x86.Build.0 = Release|x86
		{6E1AADF5-D8D3-4814-9AB5-EF68EF30DCDF}.Debug|Any CPU.ActiveCfg = Debug|Any CPU
		{6E1AADF5-D8D3-4814-9AB5-EF68EF30DCDF}.Debug|Any CPU.Build.0 = Debug|Any CPU
		{6E1AADF5-D8D3-4814-9AB5-EF68EF30DCDF}.Debug|Mixed Platforms.ActiveCfg = Debug|Any CPU
		{6E1AADF5-D8D3-4814-9AB5-EF68EF30DCDF}.Debug|Mixed Platforms.Build.0 = Debug|Any CPU
		{6E1AADF5-D8D3-4814-9AB5-EF68EF30DCDF}.Debug|x86.ActiveCfg = Debug|Any CPU
		{6E1AADF5-D8D3-4814-9AB5-EF68EF30DCDF}.Release|Any CPU.ActiveCfg = Release|Any CPU
		{6E1AADF5-D8D3-4814-9AB5-EF68EF30DCDF}.Release|Any CPU.Build.0 = Release|Any CPU
		{6E1AADF5-D8D3-4814-9AB5-EF68EF30DCDF}.Release|Mixed Platforms.ActiveCfg = Release|Any CPU
		{6E1AADF5-D8D3-4814-9AB5-EF68EF30DCDF}.Release|Mixed Platforms.Build.0 = Release|Any CPU
		{6E1AADF5-D8D3-4814-9AB5-EF68EF30DCDF}.Release|x86.ActiveCfg = Release|Any CPU
	EndGlobalSection
	GlobalSection(SolutionProperties) = preSolution
		HideSolutionNode = FALSE
	EndGlobalSection
EndGlobal
