
Microsoft Visual Studio Solution File, Format Version 11.00
# Visual Studio 2010
Project("{FAE04EC0-301F-11D3-BF4B-00C04F79EFBC}") = "W0550_ResponseCache", "W0550_ResponseCache\W0550_ResponseCache.csproj", "{8B680E71-83E5-4E51-AB3D-A90FF313824D}"
EndProject
Project("{FAE04EC0-301F-11D3-BF4B-00C04F79EFBC}") = "W0551_MemCached", "W0551_MemCached\W0551_MemCached.csproj", "{AE938A4C-648F-4476-B59C-3C52E0023BB4}"
EndProject
Global
	GlobalSection(SolutionConfigurationPlatforms) = preSolution
		Debug|Any CPU = Debug|Any CPU
		Release|Any CPU = Release|Any CPU
	EndGlobalSection
	GlobalSection(ProjectConfigurationPlatforms) = postSolution
		{8B680E71-83E5-4E51-AB3D-A90FF313824D}.Debug|Any CPU.ActiveCfg = Debug|Any CPU
		{8B680E71-83E5-4E51-AB3D-A90FF313824D}.Debug|Any CPU.Build.0 = Debug|Any CPU
		{8B680E71-83E5-4E51-AB3D-A90FF313824D}.Release|Any CPU.ActiveCfg = Release|Any CPU
		{8B680E71-83E5-4E51-AB3D-A90FF313824D}.Release|Any CPU.Build.0 = Release|Any CPU
		{AE938A4C-648F-4476-B59C-3C52E0023BB4}.Debug|Any CPU.ActiveCfg = Debug|Any CPU
		{AE938A4C-648F-4476-B59C-3C52E0023BB4}.Debug|Any CPU.Build.0 = Debug|Any CPU
		{AE938A4C-648F-4476-B59C-3C52E0023BB4}.Release|Any CPU.ActiveCfg = Release|Any CPU
		{AE938A4C-648F-4476-B59C-3C52E0023BB4}.Release|Any CPU.Build.0 = Release|Any CPU
	EndGlobalSection
	GlobalSection(SolutionProperties) = preSolution
		HideSolutionNode = FALSE
	EndGlobalSection
EndGlobal
