
Microsoft Visual Studio Solution File, Format Version 11.00
# Visual Studio 2010
Project("{FAE04EC0-301F-11D3-BF4B-00C04F79EFBC}") = "W0700_FileUpload.Client", "W0700_FileUpload.Client\W0700_FileUpload.Client.csproj", "{BEA34A4A-9167-41EA-A499-8AA53B47C345}"
EndProject
Project("{FAE04EC0-301F-11D3-BF4B-00C04F79EFBC}") = "W0700_FileUpload.Server", "W0700_FileUpload.Server\W0700_FileUpload.Server.csproj", "{6265D5D3-A852-475F-AB01-417B6F5BBFAE}"
EndProject
Global
	GlobalSection(SolutionConfigurationPlatforms) = preSolution
		Debug|Any CPU = Debug|Any CPU
		Debug|Mixed Platforms = Debug|Mixed Platforms
		Debug|x86 = Debug|x86
		Release|Any CPU = Release|Any CPU
		Release|Mixed Platforms = Release|Mixed Platforms
		Release|x86 = Release|x86
	EndGlobalSection
	GlobalSection(ProjectConfigurationPlatforms) = postSolution
		{BEA34A4A-9167-41EA-A499-8AA53B47C345}.Debug|Any CPU.ActiveCfg = Debug|x86
		{BEA34A4A-9167-41EA-A499-8AA53B47C345}.Debug|Mixed Platforms.ActiveCfg = Debug|x86
		{BEA34A4A-9167-41EA-A499-8AA53B47C345}.Debug|Mixed Platforms.Build.0 = Debug|x86
		{BEA34A4A-9167-41EA-A499-8AA53B47C345}.Debug|x86.ActiveCfg = Debug|x86
		{BEA34A4A-9167-41EA-A499-8AA53B47C345}.Debug|x86.Build.0 = Debug|x86
		{BEA34A4A-9167-41EA-A499-8AA53B47C345}.Release|Any CPU.ActiveCfg = Release|x86
		{BEA34A4A-9167-41EA-A499-8AA53B47C345}.Release|Mixed Platforms.ActiveCfg = Release|x86
		{BEA34A4A-9167-41EA-A499-8AA53B47C345}.Release|Mixed Platforms.Build.0 = Release|x86
		{BEA34A4A-9167-41EA-A499-8AA53B47C345}.Release|x86.ActiveCfg = Release|x86
		{BEA34A4A-9167-41EA-A499-8AA53B47C345}.Release|x86.Build.0 = Release|x86
		{6265D5D3-A852-475F-AB01-417B6F5BBFAE}.Debug|Any CPU.ActiveCfg = Debug|Any CPU
		{6265D5D3-A852-475F-AB01-417B6F5BBFAE}.Debug|Any CPU.Build.0 = Debug|Any CPU
		{6265D5D3-A852-475F-AB01-417B6F5BBFAE}.Debug|Mixed Platforms.ActiveCfg = Debug|Any CPU
		{6265D5D3-A852-475F-AB01-417B6F5BBFAE}.Debug|Mixed Platforms.Build.0 = Debug|Any CPU
		{6265D5D3-A852-475F-AB01-417B6F5BBFAE}.Debug|x86.ActiveCfg = Debug|Any CPU
		{6265D5D3-A852-475F-AB01-417B6F5BBFAE}.Release|Any CPU.ActiveCfg = Release|Any CPU
		{6265D5D3-A852-475F-AB01-417B6F5BBFAE}.Release|Any CPU.Build.0 = Release|Any CPU
		{6265D5D3-A852-475F-AB01-417B6F5BBFAE}.Release|Mixed Platforms.ActiveCfg = Release|Any CPU
		{6265D5D3-A852-475F-AB01-417B6F5BBFAE}.Release|Mixed Platforms.Build.0 = Release|Any CPU
		{6265D5D3-A852-475F-AB01-417B6F5BBFAE}.Release|x86.ActiveCfg = Release|Any CPU
	EndGlobalSection
	GlobalSection(SolutionProperties) = preSolution
		HideSolutionNode = FALSE
	EndGlobalSection
EndGlobal
