
Microsoft Visual Studio Solution File, Format Version 12.00
# Visual Studio 2013
VisualStudioVersion = 12.0.31101.0
MinimumVisualStudioVersion = 10.0.40219.1
Project("{FAE04EC0-301F-11D3-BF4B-00C04F79EFBC}") = "W1030_Mvc_WebApi2", "W1030_Mvc_WebApi2\W1030_Mvc_WebApi2.csproj", "{9821E5BC-FA53-43E3-959F-747CF26A1A3F}"
EndProject
Project("{FAE04EC0-301F-11D3-BF4B-00C04F79EFBC}") = "W1040_Mvc_WebApi2_swgger", "W1040_Mvc_WebApi2_swgger\W1040_Mvc_WebApi2_swgger.csproj", "{847D8CD2-A13C-44B0-9143-1BB9792DB51F}"
EndProject
Global
	GlobalSection(SolutionConfigurationPlatforms) = preSolution
		Debug|Any CPU = Debug|Any CPU
		Release|Any CPU = Release|Any CPU
	EndGlobalSection
	GlobalSection(ProjectConfigurationPlatforms) = postSolution
		{9821E5BC-FA53-43E3-959F-747CF26A1A3F}.Debug|Any CPU.ActiveCfg = Debug|Any CPU
		{9821E5BC-FA53-43E3-959F-747CF26A1A3F}.Debug|Any CPU.Build.0 = Debug|Any CPU
		{9821E5BC-FA53-43E3-959F-747CF26A1A3F}.Release|Any CPU.ActiveCfg = Release|Any CPU
		{9821E5BC-FA53-43E3-959F-747CF26A1A3F}.Release|Any CPU.Build.0 = Release|Any CPU
		{847D8CD2-A13C-44B0-9143-1BB9792DB51F}.Debug|Any CPU.ActiveCfg = Debug|Any CPU
		{847D8CD2-A13C-44B0-9143-1BB9792DB51F}.Debug|Any CPU.Build.0 = Debug|Any CPU
		{847D8CD2-A13C-44B0-9143-1BB9792DB51F}.Release|Any CPU.ActiveCfg = Release|Any CPU
		{847D8CD2-A13C-44B0-9143-1BB9792DB51F}.Release|Any CPU.Build.0 = Release|Any CPU
	EndGlobalSection
	GlobalSection(SolutionProperties) = preSolution
		HideSolutionNode = FALSE
	EndGlobalSection
EndGlobal
