
Microsoft Visual Studio Solution File, Format Version 12.00
# Visual Studio Version 16
VisualStudioVersion = 16.0.29613.14
MinimumVisualStudioVersion = 10.0.40219.1
Project("{FAE04EC0-301F-11D3-BF4B-00C04F79EFBC}") = "W1050_Mvc5", "W1050_Mvc5\W1050_Mvc5.csproj", "{545B1AA8-9351-4341-B8A7-94C3881EF5B4}"
EndProject
Project("{FAE04EC0-301F-11D3-BF4B-00C04F79EFBC}") = "W1055_Mvc5_gulp", "W1055_Mvc5_gulp\W1055_Mvc5_gulp.csproj", "{9BD02510-A1EC-4456-8F05-B25AD14716F4}"
EndProject
Project("{FAE04EC0-301F-11D3-BF4B-00C04F79EFBC}") = "W1051_Mvc5_MobileFirst", "W1051_Mvc5_MobileFirst\W1051_Mvc5_MobileFirst.csproj", "{17CA2B6F-8D0D-46A0-A74A-EF0AF85FC10C}"
EndProject
Project("{FAE04EC0-301F-11D3-BF4B-00C04F79EFBC}") = "W1058_NugetServer", "W1058_NugetServer\W1058_NugetServer.csproj", "{F2ED57BB-9DE2-46A2-99EC-CB06A72DF628}"
EndProject
Project("{FAE04EC0-301F-11D3-BF4B-00C04F79EFBC}") = "TestNuGet.DataAccess", "TestNuGet.DataAccess\TestNuGet.DataAccess.csproj", "{A84AA301-4B9E-460D-BA96-7EF2A89A7052}"
EndProject
Project("{FAE04EC0-301F-11D3-BF4B-00C04F79EFBC}") = "TestNuGet.Service", "TestNuGet.Service\TestNuGet.Service.csproj", "{77D1F5DA-3D18-43FC-A8A6-6952FC1FDD4D}"
EndProject
Project("{FAE04EC0-301F-11D3-BF4B-00C04F79EFBC}") = "TestNuGet.Client", "TestNuGet.Client\TestNuGet.Client.csproj", "{D1EC622F-32B4-4F56-A341-8B38E8202DDA}"
EndProject
Project("{FAE04EC0-301F-11D3-BF4B-00C04F79EFBC}") = "W1052_MachineKey", "W1052_MachineKey\W1052_MachineKey.csproj", "{63F22743-CC16-4CB3-BF16-129208E4CACE}"
EndProject
Global
	GlobalSection(SolutionConfigurationPlatforms) = preSolution
		Debug|Any CPU = Debug|Any CPU
		Release|Any CPU = Release|Any CPU
	EndGlobalSection
	GlobalSection(ProjectConfigurationPlatforms) = postSolution
		{545B1AA8-9351-4341-B8A7-94C3881EF5B4}.Debug|Any CPU.ActiveCfg = Debug|Any CPU
		{545B1AA8-9351-4341-B8A7-94C3881EF5B4}.Debug|Any CPU.Build.0 = Debug|Any CPU
		{545B1AA8-9351-4341-B8A7-94C3881EF5B4}.Release|Any CPU.ActiveCfg = Release|Any CPU
		{545B1AA8-9351-4341-B8A7-94C3881EF5B4}.Release|Any CPU.Build.0 = Release|Any CPU
		{9BD02510-A1EC-4456-8F05-B25AD14716F4}.Debug|Any CPU.ActiveCfg = Debug|Any CPU
		{9BD02510-A1EC-4456-8F05-B25AD14716F4}.Debug|Any CPU.Build.0 = Debug|Any CPU
		{9BD02510-A1EC-4456-8F05-B25AD14716F4}.Release|Any CPU.ActiveCfg = Release|Any CPU
		{9BD02510-A1EC-4456-8F05-B25AD14716F4}.Release|Any CPU.Build.0 = Release|Any CPU
		{17CA2B6F-8D0D-46A0-A74A-EF0AF85FC10C}.Debug|Any CPU.ActiveCfg = Debug|Any CPU
		{17CA2B6F-8D0D-46A0-A74A-EF0AF85FC10C}.Debug|Any CPU.Build.0 = Debug|Any CPU
		{17CA2B6F-8D0D-46A0-A74A-EF0AF85FC10C}.Release|Any CPU.ActiveCfg = Release|Any CPU
		{17CA2B6F-8D0D-46A0-A74A-EF0AF85FC10C}.Release|Any CPU.Build.0 = Release|Any CPU
		{F2ED57BB-9DE2-46A2-99EC-CB06A72DF628}.Debug|Any CPU.ActiveCfg = Debug|Any CPU
		{F2ED57BB-9DE2-46A2-99EC-CB06A72DF628}.Debug|Any CPU.Build.0 = Debug|Any CPU
		{F2ED57BB-9DE2-46A2-99EC-CB06A72DF628}.Release|Any CPU.ActiveCfg = Release|Any CPU
		{F2ED57BB-9DE2-46A2-99EC-CB06A72DF628}.Release|Any CPU.Build.0 = Release|Any CPU
		{A84AA301-4B9E-460D-BA96-7EF2A89A7052}.Debug|Any CPU.ActiveCfg = Debug|Any CPU
		{A84AA301-4B9E-460D-BA96-7EF2A89A7052}.Debug|Any CPU.Build.0 = Debug|Any CPU
		{A84AA301-4B9E-460D-BA96-7EF2A89A7052}.Release|Any CPU.ActiveCfg = Release|Any CPU
		{A84AA301-4B9E-460D-BA96-7EF2A89A7052}.Release|Any CPU.Build.0 = Release|Any CPU
		{77D1F5DA-3D18-43FC-A8A6-6952FC1FDD4D}.Debug|Any CPU.ActiveCfg = Debug|Any CPU
		{77D1F5DA-3D18-43FC-A8A6-6952FC1FDD4D}.Debug|Any CPU.Build.0 = Debug|Any CPU
		{77D1F5DA-3D18-43FC-A8A6-6952FC1FDD4D}.Release|Any CPU.ActiveCfg = Release|Any CPU
		{77D1F5DA-3D18-43FC-A8A6-6952FC1FDD4D}.Release|Any CPU.Build.0 = Release|Any CPU
		{D1EC622F-32B4-4F56-A341-8B38E8202DDA}.Debug|Any CPU.ActiveCfg = Debug|Any CPU
		{D1EC622F-32B4-4F56-A341-8B38E8202DDA}.Debug|Any CPU.Build.0 = Debug|Any CPU
		{D1EC622F-32B4-4F56-A341-8B38E8202DDA}.Release|Any CPU.ActiveCfg = Release|Any CPU
		{D1EC622F-32B4-4F56-A341-8B38E8202DDA}.Release|Any CPU.Build.0 = Release|Any CPU
		{63F22743-CC16-4CB3-BF16-129208E4CACE}.Debug|Any CPU.ActiveCfg = Debug|Any CPU
		{63F22743-CC16-4CB3-BF16-129208E4CACE}.Debug|Any CPU.Build.0 = Debug|Any CPU
		{63F22743-CC16-4CB3-BF16-129208E4CACE}.Release|Any CPU.ActiveCfg = Release|Any CPU
		{63F22743-CC16-4CB3-BF16-129208E4CACE}.Release|Any CPU.Build.0 = Release|Any CPU
	EndGlobalSection
	GlobalSection(SolutionProperties) = preSolution
		HideSolutionNode = FALSE
	EndGlobalSection
	GlobalSection(ExtensibilityGlobals) = postSolution
		SolutionGuid = {C55E9459-35E6-4BA2-9E9E-93E527C9C4D0}
	EndGlobalSection
EndGlobal
