
Microsoft Visual Studio Solution File, Format Version 12.00
# Visual Studio 15
VisualStudioVersion = 15.0.27130.2003
MinimumVisualStudioVersion = 10.0.40219.1
Project("{FAE04EC0-301F-11D3-BF4B-00C04F79EFBC}") = "W1050_Mvc5", "W1050_Mvc5\W1050_Mvc5.csproj", "{545B1AA8-9351-4341-B8A7-94C3881EF5B4}"
EndProject
Project("{FAE04EC0-301F-11D3-BF4B-00C04F79EFBC}") = "W1055_Mvc5_gulp", "W1055_Mvc5_gulp\W1055_Mvc5_gulp.csproj", "{9BD02510-A1EC-4456-8F05-B25AD14716F4}"
EndProject
Project("{FAE04EC0-301F-11D3-BF4B-00C04F79EFBC}") = "W1051_Mvc5_MobileFirst", "W1051_Mvc5_MobileFirst\W1051_Mvc5_MobileFirst.csproj", "{17CA2B6F-8D0D-46A0-A74A-EF0AF85FC10C}"
EndProject
Global
	GlobalSection(SolutionConfigurationPlatforms) = preSolution
		Debug|Any CPU = Debug|Any CPU
		Release|Any CPU = Release|Any CPU
	EndGlobalSection
	GlobalSection(ProjectConfigurationPlatforms) = postSolution
		{545B1AA8-9351-4341-B8A7-94C3881EF5B4}.Debug|Any CPU.ActiveCfg = Debug|Any CPU
		{545B1AA8-9351-4341-B8A7-94C3881EF5B4}.Debug|Any CPU.Build.0 = Debug|Any CPU
		{545B1AA8-9351-4341-B8A7-94C3881EF5B4}.Release|Any CPU.ActiveCfg = Release|Any CPU
		{545B1AA8-9351-4341-B8A7-94C3881EF5B4}.Release|Any CPU.Build.0 = Release|Any CPU
		{9BD02510-A1EC-4456-8F05-B25AD14716F4}.Debug|Any CPU.ActiveCfg = Debug|Any CPU
		{9BD02510-A1EC-4456-8F05-B25AD14716F4}.Debug|Any CPU.Build.0 = Debug|Any CPU
		{9BD02510-A1EC-4456-8F05-B25AD14716F4}.Release|Any CPU.ActiveCfg = Release|Any CPU
		{9BD02510-A1EC-4456-8F05-B25AD14716F4}.Release|Any CPU.Build.0 = Release|Any CPU
		{17CA2B6F-8D0D-46A0-A74A-EF0AF85FC10C}.Debug|Any CPU.ActiveCfg = Debug|Any CPU
		{17CA2B6F-8D0D-46A0-A74A-EF0AF85FC10C}.Debug|Any CPU.Build.0 = Debug|Any CPU
		{17CA2B6F-8D0D-46A0-A74A-EF0AF85FC10C}.Release|Any CPU.ActiveCfg = Release|Any CPU
		{17CA2B6F-8D0D-46A0-A74A-EF0AF85FC10C}.Release|Any CPU.Build.0 = Release|Any CPU
	EndGlobalSection
	GlobalSection(SolutionProperties) = preSolution
		HideSolutionNode = FALSE
	EndGlobalSection
	GlobalSection(ExtensibilityGlobals) = postSolution
		SolutionGuid = {C55E9459-35E6-4BA2-9E9E-93E527C9C4D0}
	EndGlobalSection
EndGlobal
