
Microsoft Visual Studio Solution File, Format Version 12.00
# Visual Studio 2013
VisualStudioVersion = 12.0.40629.0
MinimumVisualStudioVersion = 10.0.40219.1
Project("{FAE04EC0-301F-11D3-BF4B-00C04F79EFBC}") = "W1050_Mvc5", "W1050_Mvc5\W1050_Mvc5.csproj", "{545B1AA8-9351-4341-B8A7-94C3881EF5B4}"
EndProject
Global
	GlobalSection(SolutionConfigurationPlatforms) = preSolution
		Debug|Any CPU = Debug|Any CPU
		Release|Any CPU = Release|Any CPU
	EndGlobalSection
	GlobalSection(ProjectConfigurationPlatforms) = postSolution
		{545B1AA8-9351-4341-B8A7-94C3881EF5B4}.Debug|Any CPU.ActiveCfg = Debug|Any CPU
		{545B1AA8-9351-4341-B8A7-94C3881EF5B4}.Debug|Any CPU.Build.0 = Debug|Any CPU
		{545B1AA8-9351-4341-B8A7-94C3881EF5B4}.Release|Any CPU.ActiveCfg = Release|Any CPU
		{545B1AA8-9351-4341-B8A7-94C3881EF5B4}.Release|Any CPU.Build.0 = Release|Any CPU
	EndGlobalSection
	GlobalSection(SolutionProperties) = preSolution
		HideSolutionNode = FALSE
	EndGlobalSection
EndGlobal
