
Microsoft Visual Studio Solution File, Format Version 11.00
# Visual Studio 2010
Project("{FAE04EC0-301F-11D3-BF4B-00C04F79EFBC}") = "W8001_Less", "W8001_Less\W8001_Less.csproj", "{C198FF47-101A-4750-B5E8-2311F02D255E}"
EndProject
Global
	GlobalSection(SolutionConfigurationPlatforms) = preSolution
		Debug|Any CPU = Debug|Any CPU
		Release|Any CPU = Release|Any CPU
	EndGlobalSection
	GlobalSection(ProjectConfigurationPlatforms) = postSolution
		{C198FF47-101A-4750-B5E8-2311F02D255E}.Debug|Any CPU.ActiveCfg = Debug|Any CPU
		{C198FF47-101A-4750-B5E8-2311F02D255E}.Debug|Any CPU.Build.0 = Debug|Any CPU
		{C198FF47-101A-4750-B5E8-2311F02D255E}.Release|Any CPU.ActiveCfg = Release|Any CPU
		{C198FF47-101A-4750-B5E8-2311F02D255E}.Release|Any CPU.Build.0 = Release|Any CPU
	EndGlobalSection
	GlobalSection(SolutionProperties) = preSolution
		HideSolutionNode = FALSE
	EndGlobalSection
EndGlobal
