
Microsoft Visual Studio Solution File, Format Version 12.00
# Visual Studio 2013
VisualStudioVersion = 12.0.30723.0
MinimumVisualStudioVersion = 10.0.40219.1
Project("{FAE04EC0-301F-11D3-BF4B-00C04F79EFBC}") = "WPF_0010_MVVM", "WPF_0010_MVVM\WPF_0010_MVVM.csproj", "{3A7D072F-71E5-4529-A995-5ED78035BB64}"
EndProject
Project("{FAE04EC0-301F-11D3-BF4B-00C04F79EFBC}") = "WPF_0020_HelloWorld", "WPF_0020_HelloWorld\WPF_0020_HelloWorld.csproj", "{42008EDC-8E79-43F7-BEE6-4E8E2351155A}"
EndProject
Project("{FAE04EC0-301F-11D3-BF4B-00C04F79EFBC}") = "WPF_0030_XAML", "WPF_0030_XAML\WPF_0030_XAML.csproj", "{6CEE0DC6-A6C7-49CE-A7D2-D83A92E9E839}"
EndProject
Project("{FAE04EC0-301F-11D3-BF4B-00C04F79EFBC}") = "WPF_0040_Event", "WPF_0040_Event\WPF_0040_Event.csproj", "{A67FFDE2-5388-48FF-9ED4-576C9F256216}"
EndProject
Project("{FAE04EC0-301F-11D3-BF4B-00C04F79EFBC}") = "WPF_0050_X", "WPF_0050_X\WPF_0050_X.csproj", "{388FC8F0-2F7C-4C1B-B0F4-2984C17BCC45}"
EndProject
Project("{FAE04EC0-301F-11D3-BF4B-00C04F79EFBC}") = "WPF_0060_Page", "WPF_0060_Page\WPF_0060_Page.csproj", "{970A09F7-AC34-4490-8AF4-CC44E110C2A0}"
EndProject
Project("{FAE04EC0-301F-11D3-BF4B-00C04F79EFBC}") = "WPF_0070_Binding", "WPF_0070_Binding\WPF_0070_Binding.csproj", "{F0370C92-FF2B-4655-8D77-263DF0AFD131}"
EndProject
Project("{FAE04EC0-301F-11D3-BF4B-00C04F79EFBC}") = "WPF_0080_RoutedEvent", "WPF_0080_RoutedEvent\WPF_0080_RoutedEvent.csproj", "{5104069E-92C7-4BD6-B951-72249099BB86}"
EndProject
Project("{FAE04EC0-301F-11D3-BF4B-00C04F79EFBC}") = "WPF_0090_Command", "WPF_0090_Command\WPF_0090_Command.csproj", "{68F75006-A26C-4B43-8313-F413C2840525}"
EndProject
Project("{FAE04EC0-301F-11D3-BF4B-00C04F79EFBC}") = "WPF_0100_Resource", "WPF_0100_Resource\WPF_0100_Resource.csproj", "{6F5D8555-EC27-452D-914D-9784C8EB83F9}"
EndProject
Project("{FAE04EC0-301F-11D3-BF4B-00C04F79EFBC}") = "WPF_0110_Template", "WPF_0110_Template\WPF_0110_Template.csproj", "{E4B00743-50B5-4654-A8FB-DAC96FCAD8EE}"
EndProject
Project("{FAE04EC0-301F-11D3-BF4B-00C04F79EFBC}") = "WPF_0120_Async", "WPF_0120_Async\WPF_0120_Async.csproj", "{F1D735CA-1FDD-4FDA-98D3-1D97DC14319A}"
EndProject
Global
	GlobalSection(SolutionConfigurationPlatforms) = preSolution
		Debug|Any CPU = Debug|Any CPU
		Release|Any CPU = Release|Any CPU
	EndGlobalSection
	GlobalSection(ProjectConfigurationPlatforms) = postSolution
		{3A7D072F-71E5-4529-A995-5ED78035BB64}.Debug|Any CPU.ActiveCfg = Debug|Any CPU
		{3A7D072F-71E5-4529-A995-5ED78035BB64}.Debug|Any CPU.Build.0 = Debug|Any CPU
		{3A7D072F-71E5-4529-A995-5ED78035BB64}.Release|Any CPU.ActiveCfg = Release|Any CPU
		{3A7D072F-71E5-4529-A995-5ED78035BB64}.Release|Any CPU.Build.0 = Release|Any CPU
		{42008EDC-8E79-43F7-BEE6-4E8E2351155A}.Debug|Any CPU.ActiveCfg = Debug|Any CPU
		{42008EDC-8E79-43F7-BEE6-4E8E2351155A}.Debug|Any CPU.Build.0 = Debug|Any CPU
		{42008EDC-8E79-43F7-BEE6-4E8E2351155A}.Release|Any CPU.ActiveCfg = Release|Any CPU
		{42008EDC-8E79-43F7-BEE6-4E8E2351155A}.Release|Any CPU.Build.0 = Release|Any CPU
		{6CEE0DC6-A6C7-49CE-A7D2-D83A92E9E839}.Debug|Any CPU.ActiveCfg = Debug|Any CPU
		{6CEE0DC6-A6C7-49CE-A7D2-D83A92E9E839}.Debug|Any CPU.Build.0 = Debug|Any CPU
		{6CEE0DC6-A6C7-49CE-A7D2-D83A92E9E839}.Release|Any CPU.ActiveCfg = Release|Any CPU
		{6CEE0DC6-A6C7-49CE-A7D2-D83A92E9E839}.Release|Any CPU.Build.0 = Release|Any CPU
		{A67FFDE2-5388-48FF-9ED4-576C9F256216}.Debug|Any CPU.ActiveCfg = Debug|Any CPU
		{A67FFDE2-5388-48FF-9ED4-576C9F256216}.Debug|Any CPU.Build.0 = Debug|Any CPU
		{A67FFDE2-5388-48FF-9ED4-576C9F256216}.Release|Any CPU.ActiveCfg = Release|Any CPU
		{A67FFDE2-5388-48FF-9ED4-576C9F256216}.Release|Any CPU.Build.0 = Release|Any CPU
		{388FC8F0-2F7C-4C1B-B0F4-2984C17BCC45}.Debug|Any CPU.ActiveCfg = Debug|Any CPU
		{388FC8F0-2F7C-4C1B-B0F4-2984C17BCC45}.Debug|Any CPU.Build.0 = Debug|Any CPU
		{388FC8F0-2F7C-4C1B-B0F4-2984C17BCC45}.Release|Any CPU.ActiveCfg = Release|Any CPU
		{388FC8F0-2F7C-4C1B-B0F4-2984C17BCC45}.Release|Any CPU.Build.0 = Release|Any CPU
		{970A09F7-AC34-4490-8AF4-CC44E110C2A0}.Debug|Any CPU.ActiveCfg = Debug|Any CPU
		{970A09F7-AC34-4490-8AF4-CC44E110C2A0}.Debug|Any CPU.Build.0 = Debug|Any CPU
		{970A09F7-AC34-4490-8AF4-CC44E110C2A0}.Release|Any CPU.ActiveCfg = Release|Any CPU
		{970A09F7-AC34-4490-8AF4-CC44E110C2A0}.Release|Any CPU.Build.0 = Release|Any CPU
		{F0370C92-FF2B-4655-8D77-263DF0AFD131}.Debug|Any CPU.ActiveCfg = Debug|Any CPU
		{F0370C92-FF2B-4655-8D77-263DF0AFD131}.Debug|Any CPU.Build.0 = Debug|Any CPU
		{F0370C92-FF2B-4655-8D77-263DF0AFD131}.Release|Any CPU.ActiveCfg = Release|Any CPU
		{F0370C92-FF2B-4655-8D77-263DF0AFD131}.Release|Any CPU.Build.0 = Release|Any CPU
		{5104069E-92C7-4BD6-B951-72249099BB86}.Debug|Any CPU.ActiveCfg = Debug|Any CPU
		{5104069E-92C7-4BD6-B951-72249099BB86}.Debug|Any CPU.Build.0 = Debug|Any CPU
		{5104069E-92C7-4BD6-B951-72249099BB86}.Release|Any CPU.ActiveCfg = Release|Any CPU
		{5104069E-92C7-4BD6-B951-72249099BB86}.Release|Any CPU.Build.0 = Release|Any CPU
		{68F75006-A26C-4B43-8313-F413C2840525}.Debug|Any CPU.ActiveCfg = Debug|Any CPU
		{68F75006-A26C-4B43-8313-F413C2840525}.Debug|Any CPU.Build.0 = Debug|Any CPU
		{68F75006-A26C-4B43-8313-F413C2840525}.Release|Any CPU.ActiveCfg = Release|Any CPU
		{68F75006-A26C-4B43-8313-F413C2840525}.Release|Any CPU.Build.0 = Release|Any CPU
		{6F5D8555-EC27-452D-914D-9784C8EB83F9}.Debug|Any CPU.ActiveCfg = Debug|Any CPU
		{6F5D8555-EC27-452D-914D-9784C8EB83F9}.Debug|Any CPU.Build.0 = Debug|Any CPU
		{6F5D8555-EC27-452D-914D-9784C8EB83F9}.Release|Any CPU.ActiveCfg = Release|Any CPU
		{6F5D8555-EC27-452D-914D-9784C8EB83F9}.Release|Any CPU.Build.0 = Release|Any CPU
		{E4B00743-50B5-4654-A8FB-DAC96FCAD8EE}.Debug|Any CPU.ActiveCfg = Debug|Any CPU
		{E4B00743-50B5-4654-A8FB-DAC96FCAD8EE}.Debug|Any CPU.Build.0 = Debug|Any CPU
		{E4B00743-50B5-4654-A8FB-DAC96FCAD8EE}.Release|Any CPU.ActiveCfg = Release|Any CPU
		{E4B00743-50B5-4654-A8FB-DAC96FCAD8EE}.Release|Any CPU.Build.0 = Release|Any CPU
		{F1D735CA-1FDD-4FDA-98D3-1D97DC14319A}.Debug|Any CPU.ActiveCfg = Debug|Any CPU
		{F1D735CA-1FDD-4FDA-98D3-1D97DC14319A}.Debug|Any CPU.Build.0 = Debug|Any CPU
		{F1D735CA-1FDD-4FDA-98D3-1D97DC14319A}.Release|Any CPU.ActiveCfg = Release|Any CPU
		{F1D735CA-1FDD-4FDA-98D3-1D97DC14319A}.Release|Any CPU.Build.0 = Release|Any CPU
	EndGlobalSection
	GlobalSection(SolutionProperties) = preSolution
		HideSolutionNode = FALSE
	EndGlobalSection
EndGlobal
