
Microsoft Visual Studio Solution File, Format Version 12.00
# Visual Studio Version 17
VisualStudioVersion = 17.3.32819.101
MinimumVisualStudioVersion = 10.0.40219.1
Project("{FAE04EC0-301F-11D3-BF4B-00C04F79EFBC}") = "A0031_delegate", "A0031_delegate.csproj", "{8A3A8556-A7FA-4062-BC23-AF4AB14CFE38}"
EndProject
Global
	GlobalSection(SolutionConfigurationPlatforms) = preSolution
		Debug|Any CPU = Debug|Any CPU
		Release|Any CPU = Release|Any CPU
	EndGlobalSection
	GlobalSection(ProjectConfigurationPlatforms) = postSolution
		{8A3A8556-A7FA-4062-BC23-AF4AB14CFE38}.Debug|Any CPU.ActiveCfg = Debug|Any CPU
		{8A3A8556-A7FA-4062-BC23-AF4AB14CFE38}.Debug|Any CPU.Build.0 = Debug|Any CPU
		{8A3A8556-A7FA-4062-BC23-AF4AB14CFE38}.Release|Any CPU.ActiveCfg = Release|Any CPU
		{8A3A8556-A7FA-4062-BC23-AF4AB14CFE38}.Release|Any CPU.Build.0 = Release|Any CPU
	EndGlobalSection
	GlobalSection(SolutionProperties) = preSolution
		HideSolutionNode = FALSE
	EndGlobalSection
	GlobalSection(ExtensibilityGlobals) = postSolution
		SolutionGuid = {4732BEFE-8825-4CC8-A8F1-6702DFAD9CF4}
	EndGlobalSection
EndGlobal
