
Microsoft Visual Studio Solution File, Format Version 11.00
# Visual Studio 2010
Project("{FAE04EC0-301F-11D3-BF4B-00C04F79EFBC}") = "MyWCFDataClient", "MyWCFDataClient\MyWCFDataClient.csproj", "{BD23E85B-5ADD-4406-95D4-E59E7B23929A}"
EndProject
Global
	GlobalSection(SolutionConfigurationPlatforms) = preSolution
		Debug|x86 = Debug|x86
		Release|x86 = Release|x86
	EndGlobalSection
	GlobalSection(ProjectConfigurationPlatforms) = postSolution
		{BD23E85B-5ADD-4406-95D4-E59E7B23929A}.Debug|x86.ActiveCfg = Debug|x86
		{BD23E85B-5ADD-4406-95D4-E59E7B23929A}.Debug|x86.Build.0 = Debug|x86
		{BD23E85B-5ADD-4406-95D4-E59E7B23929A}.Release|x86.ActiveCfg = Release|x86
		{BD23E85B-5ADD-4406-95D4-E59E7B23929A}.Release|x86.Build.0 = Release|x86
	EndGlobalSection
	GlobalSection(SolutionProperties) = preSolution
		HideSolutionNode = FALSE
	EndGlobalSection
EndGlobal
