
Microsoft Visual Studio Solution File, Format Version 11.00
# Visual Studio 2010
Project("{FAE04EC0-301F-11D3-BF4B-00C04F79EFBC}") = "MyWCFService.Contract", "MyWCFService.Contract\MyWCFService.Contract.csproj", "{6B052502-5E65-4365-8856-F7947BE279B2}"
EndProject
Project("{FAE04EC0-301F-11D3-BF4B-00C04F79EFBC}") = "MyWCFService.Service", "MyWCFService.Service\MyWCFService.Service.csproj", "{DE135D46-DFD8-4BBD-95BD-54ABE49CFF1C}"
EndProject
Project("{FAE04EC0-301F-11D3-BF4B-00C04F79EFBC}") = "MyWCFService.Hosting", "MyWCFService.Hosting\MyWCFService.Hosting.csproj", "{B300AAAC-2CBF-4BF7-9FB9-5911F0DEC60A}"
EndProject
Project("{FAE04EC0-301F-11D3-BF4B-00C04F79EFBC}") = "MyWCFService.Client", "MyWCFService.Client\MyWCFService.Client.csproj", "{54A7FE5D-AB78-41F8-8C36-2881ED61BBAE}"
EndProject
Global
	GlobalSection(SolutionConfigurationPlatforms) = preSolution
		Debug|Any CPU = Debug|Any CPU
		Debug|Mixed Platforms = Debug|Mixed Platforms
		Debug|x86 = Debug|x86
		Release|Any CPU = Release|Any CPU
		Release|Mixed Platforms = Release|Mixed Platforms
		Release|x86 = Release|x86
	EndGlobalSection
	GlobalSection(ProjectConfigurationPlatforms) = postSolution
		{6B052502-5E65-4365-8856-F7947BE279B2}.Debug|Any CPU.ActiveCfg = Debug|Any CPU
		{6B052502-5E65-4365-8856-F7947BE279B2}.Debug|Any CPU.Build.0 = Debug|Any CPU
		{6B052502-5E65-4365-8856-F7947BE279B2}.Debug|Mixed Platforms.ActiveCfg = Debug|Any CPU
		{6B052502-5E65-4365-8856-F7947BE279B2}.Debug|Mixed Platforms.Build.0 = Debug|Any CPU
		{6B052502-5E65-4365-8856-F7947BE279B2}.Debug|x86.ActiveCfg = Debug|Any CPU
		{6B052502-5E65-4365-8856-F7947BE279B2}.Release|Any CPU.ActiveCfg = Release|Any CPU
		{6B052502-5E65-4365-8856-F7947BE279B2}.Release|Any CPU.Build.0 = Release|Any CPU
		{6B052502-5E65-4365-8856-F7947BE279B2}.Release|Mixed Platforms.ActiveCfg = Release|Any CPU
		{6B052502-5E65-4365-8856-F7947BE279B2}.Release|Mixed Platforms.Build.0 = Release|Any CPU
		{6B052502-5E65-4365-8856-F7947BE279B2}.Release|x86.ActiveCfg = Release|Any CPU
		{DE135D46-DFD8-4BBD-95BD-54ABE49CFF1C}.Debug|Any CPU.ActiveCfg = Debug|Any CPU
		{DE135D46-DFD8-4BBD-95BD-54ABE49CFF1C}.Debug|Any CPU.Build.0 = Debug|Any CPU
		{DE135D46-DFD8-4BBD-95BD-54ABE49CFF1C}.Debug|Mixed Platforms.ActiveCfg = Debug|Any CPU
		{DE135D46-DFD8-4BBD-95BD-54ABE49CFF1C}.Debug|Mixed Platforms.Build.0 = Debug|Any CPU
		{DE135D46-DFD8-4BBD-95BD-54ABE49CFF1C}.Debug|x86.ActiveCfg = Debug|Any CPU
		{DE135D46-DFD8-4BBD-95BD-54ABE49CFF1C}.Release|Any CPU.ActiveCfg = Release|Any CPU
		{DE135D46-DFD8-4BBD-95BD-54ABE49CFF1C}.Release|Any CPU.Build.0 = Release|Any CPU
		{DE135D46-DFD8-4BBD-95BD-54ABE49CFF1C}.Release|Mixed Platforms.ActiveCfg = Release|Any CPU
		{DE135D46-DFD8-4BBD-95BD-54ABE49CFF1C}.Release|Mixed Platforms.Build.0 = Release|Any CPU
		{DE135D46-DFD8-4BBD-95BD-54ABE49CFF1C}.Release|x86.ActiveCfg = Release|Any CPU
		{B300AAAC-2CBF-4BF7-9FB9-5911F0DEC60A}.Debug|Any CPU.ActiveCfg = Debug|x86
		{B300AAAC-2CBF-4BF7-9FB9-5911F0DEC60A}.Debug|Mixed Platforms.ActiveCfg = Debug|x86
		{B300AAAC-2CBF-4BF7-9FB9-5911F0DEC60A}.Debug|Mixed Platforms.Build.0 = Debug|x86
		{B300AAAC-2CBF-4BF7-9FB9-5911F0DEC60A}.Debug|x86.ActiveCfg = Debug|x86
		{B300AAAC-2CBF-4BF7-9FB9-5911F0DEC60A}.Debug|x86.Build.0 = Debug|x86
		{B300AAAC-2CBF-4BF7-9FB9-5911F0DEC60A}.Release|Any CPU.ActiveCfg = Release|x86
		{B300AAAC-2CBF-4BF7-9FB9-5911F0DEC60A}.Release|Mixed Platforms.ActiveCfg = Release|x86
		{B300AAAC-2CBF-4BF7-9FB9-5911F0DEC60A}.Release|Mixed Platforms.Build.0 = Release|x86
		{B300AAAC-2CBF-4BF7-9FB9-5911F0DEC60A}.Release|x86.ActiveCfg = Release|x86
		{B300AAAC-2CBF-4BF7-9FB9-5911F0DEC60A}.Release|x86.Build.0 = Release|x86
		{54A7FE5D-AB78-41F8-8C36-2881ED61BBAE}.Debug|Any CPU.ActiveCfg = Debug|x86
		{54A7FE5D-AB78-41F8-8C36-2881ED61BBAE}.Debug|Mixed Platforms.ActiveCfg = Debug|x86
		{54A7FE5D-AB78-41F8-8C36-2881ED61BBAE}.Debug|Mixed Platforms.Build.0 = Debug|x86
		{54A7FE5D-AB78-41F8-8C36-2881ED61BBAE}.Debug|x86.ActiveCfg = Debug|x86
		{54A7FE5D-AB78-41F8-8C36-2881ED61BBAE}.Debug|x86.Build.0 = Debug|x86
		{54A7FE5D-AB78-41F8-8C36-2881ED61BBAE}.Release|Any CPU.ActiveCfg = Release|x86
		{54A7FE5D-AB78-41F8-8C36-2881ED61BBAE}.Release|Mixed Platforms.ActiveCfg = Release|x86
		{54A7FE5D-AB78-41F8-8C36-2881ED61BBAE}.Release|Mixed Platforms.Build.0 = Release|x86
		{54A7FE5D-AB78-41F8-8C36-2881ED61BBAE}.Release|x86.ActiveCfg = Release|x86
		{54A7FE5D-AB78-41F8-8C36-2881ED61BBAE}.Release|x86.Build.0 = Release|x86
	EndGlobalSection
	GlobalSection(SolutionProperties) = preSolution
		HideSolutionNode = FALSE
	EndGlobalSection
EndGlobal
