
Microsoft Visual Studio Solution File, Format Version 11.00
# Visual Studio 2010
Project("{FAE04EC0-301F-11D3-BF4B-00C04F79EFBC}") = "MyWcfClient", "MyWcfClient\MyWcfClient.csproj", "{13A463DF-3891-4617-A4B3-EA1E26E6F07A}"
EndProject
Project("{FAE04EC0-301F-11D3-BF4B-00C04F79EFBC}") = "MyWcfClientByHand", "MyWcfClientByHand\MyWcfClientByHand.csproj", "{29F92A9B-0C22-4406-8AAC-57F98D0DFC6A}"
EndProject
Global
	GlobalSection(SolutionConfigurationPlatforms) = preSolution
		Debug|x86 = Debug|x86
		Release|x86 = Release|x86
	EndGlobalSection
	GlobalSection(ProjectConfigurationPlatforms) = postSolution
		{13A463DF-3891-4617-A4B3-EA1E26E6F07A}.Debug|x86.ActiveCfg = Debug|x86
		{13A463DF-3891-4617-A4B3-EA1E26E6F07A}.Debug|x86.Build.0 = Debug|x86
		{13A463DF-3891-4617-A4B3-EA1E26E6F07A}.Release|x86.ActiveCfg = Release|x86
		{13A463DF-3891-4617-A4B3-EA1E26E6F07A}.Release|x86.Build.0 = Release|x86
		{29F92A9B-0C22-4406-8AAC-57F98D0DFC6A}.Debug|x86.ActiveCfg = Debug|x86
		{29F92A9B-0C22-4406-8AAC-57F98D0DFC6A}.Debug|x86.Build.0 = Debug|x86
		{29F92A9B-0C22-4406-8AAC-57F98D0DFC6A}.Release|x86.ActiveCfg = Release|x86
		{29F92A9B-0C22-4406-8AAC-57F98D0DFC6A}.Release|x86.Build.0 = Release|x86
	EndGlobalSection
	GlobalSection(SolutionProperties) = preSolution
		HideSolutionNode = FALSE
	EndGlobalSection
EndGlobal
