
Microsoft Visual Studio Solution File, Format Version 12.00
# Visual Studio 11
Project("{FAE04EC0-301F-11D3-BF4B-00C04F79EFBC}") = "MyWcfService", "MyWcfService\MyWcfService.csproj", "{5A57A709-3FA2-4BE8-A6E0-ADB3EAA3C3DB}"
EndProject
Project("{FAE04EC0-301F-11D3-BF4B-00C04F79EFBC}") = "MyWcfServiceContract", "MyWcfServiceContract\MyWcfServiceContract.csproj", "{6336CCC3-D73B-458F-A004-ECB2899312A0}"
EndProject
Global
	GlobalSection(SolutionConfigurationPlatforms) = preSolution
		Debug|Any CPU = Debug|Any CPU
		Release|Any CPU = Release|Any CPU
	EndGlobalSection
	GlobalSection(ProjectConfigurationPlatforms) = postSolution
		{5A57A709-3FA2-4BE8-A6E0-ADB3EAA3C3DB}.Debug|Any CPU.ActiveCfg = Debug|Any CPU
		{5A57A709-3FA2-4BE8-A6E0-ADB3EAA3C3DB}.Debug|Any CPU.Build.0 = Debug|Any CPU
		{5A57A709-3FA2-4BE8-A6E0-ADB3EAA3C3DB}.Release|Any CPU.ActiveCfg = Release|Any CPU
		{5A57A709-3FA2-4BE8-A6E0-ADB3EAA3C3DB}.Release|Any CPU.Build.0 = Release|Any CPU
		{6336CCC3-D73B-458F-A004-ECB2899312A0}.Debug|Any CPU.ActiveCfg = Debug|Any CPU
		{6336CCC3-D73B-458F-A004-ECB2899312A0}.Debug|Any CPU.Build.0 = Debug|Any CPU
		{6336CCC3-D73B-458F-A004-ECB2899312A0}.Release|Any CPU.ActiveCfg = Release|Any CPU
		{6336CCC3-D73B-458F-A004-ECB2899312A0}.Release|Any CPU.Build.0 = Release|Any CPU
	EndGlobalSection
	GlobalSection(SolutionProperties) = preSolution
		HideSolutionNode = FALSE
	EndGlobalSection
EndGlobal
